// !$*UTF8*$!
{
	archiveVersion = 1;
	classes = {
	};
	objectVersion = 50;
	objects = {

/* Begin PBXBuildFile section */
		F1585EA92149A860005EDF82 /* AppDelegate.swift in Sources */ = {isa = PBXBuildFile; fileRef = F1585EA82149A860005EDF82 /* AppDelegate.swift */; };
		F1585EAE2149A860005EDF82 /* Main.storyboard in Resources */ = {isa = PBXBuildFile; fileRef = F1585EAC2149A860005EDF82 /* Main.storyboard */; };
		F1585EB02149A861005EDF82 /* Assets.xcassets in Resources */ = {isa = PBXBuildFile; fileRef = F1585EAF2149A861005EDF82 /* Assets.xcassets */; };
		F1585EB32149A861005EDF82 /* LaunchScreen.storyboard in Resources */ = {isa = PBXBuildFile; fileRef = F1585EB12149A861005EDF82 /* LaunchScreen.storyboard */; };
		F1585EC02149ACEB005EDF82 /* OnboardingViewController.swift in Sources */ = {isa = PBXBuildFile; fileRef = F1585EBF2149ACEB005EDF82 /* OnboardingViewController.swift */; };
		F1585EC22149B1F8005EDF82 /* MemoriesTableViewController.swift in Sources */ = {isa = PBXBuildFile; fileRef = F1585EC12149B1F8005EDF82 /* MemoriesTableViewController.swift */; };
		F1585EC42149B44A005EDF82 /* MemoryDetailViewController.swift in Sources */ = {isa = PBXBuildFile; fileRef = F1585EC32149B44A005EDF82 /* MemoryDetailViewController.swift */; };
		F1585EC62149B5DC005EDF82 /* Memory.swift in Sources */ = {isa = PBXBuildFile; fileRef = F1585EC52149B5DC005EDF82 /* Memory.swift */; };
		F1585EC82149B64F005EDF82 /* MemoryController.swift in Sources */ = {isa = PBXBuildFile; fileRef = F1585EC72149B64F005EDF82 /* MemoryController.swift */; };
		F1585ECA2149BFE5005EDF82 /* LocalNotificationHelper.swift in Sources */ = {isa = PBXBuildFile; fileRef = F1585EC92149BFE5005EDF82 /* LocalNotificationHelper.swift */; };
/* End PBXBuildFile section */

/* Begin PBXFileReference section */
		F1585EA52149A860005EDF82 /* Memories.app */ = {isa = PBXFileReference; explicitFileType = wrapper.application; includeInIndex = 0; path = Memories.app; sourceTree = BUILT_PRODUCTS_DIR; };
		F1585EA82149A860005EDF82 /* AppDelegate.swift */ = {isa = PBXFileReference; lastKnownFileType = sourcecode.swift; path = AppDelegate.swift; sourceTree = "<group>"; };
		F1585EAD2149A860005EDF82 /* Base */ = {isa = PBXFileReference; lastKnownFileType = file.storyboard; name = Base; path = Base.lproj/Main.storyboard; sourceTree = "<group>"; };
		F1585EAF2149A861005EDF82 /* Assets.xcassets */ = {isa = PBXFileReference; lastKnownFileType = folder.assetcatalog; path = Assets.xcassets; sourceTree = "<group>"; };
		F1585EB22149A861005EDF82 /* Base */ = {isa = PBXFileReference; lastKnownFileType = file.storyboard; name = Base; path = Base.lproj/LaunchScreen.storyboard; sourceTree = "<group>"; };
		F1585EB42149A861005EDF82 /* Info.plist */ = {isa = PBXFileReference; lastKnownFileType = text.plist.xml; path = Info.plist; sourceTree = "<group>"; };
		F1585EBF2149ACEB005EDF82 /* OnboardingViewController.swift */ = {isa = PBXFileReference; lastKnownFileType = sourcecode.swift; path = OnboardingViewController.swift; sourceTree = "<group>"; };
		F1585EC12149B1F8005EDF82 /* MemoriesTableViewController.swift */ = {isa = PBXFileReference; lastKnownFileType = sourcecode.swift; path = MemoriesTableViewController.swift; sourceTree = "<group>"; };
		F1585EC32149B44A005EDF82 /* MemoryDetailViewController.swift */ = {isa = PBXFileReference; lastKnownFileType = sourcecode.swift; path = MemoryDetailViewController.swift; sourceTree = "<group>"; };
		F1585EC52149B5DC005EDF82 /* Memory.swift */ = {isa = PBXFileReference; lastKnownFileType = sourcecode.swift; path = Memory.swift; sourceTree = "<group>"; };
		F1585EC72149B64F005EDF82 /* MemoryController.swift */ = {isa = PBXFileReference; lastKnownFileType = sourcecode.swift; path = MemoryController.swift; sourceTree = "<group>"; };
		F1585EC92149BFE5005EDF82 /* LocalNotificationHelper.swift */ = {isa = PBXFileReference; lastKnownFileType = sourcecode.swift; path = LocalNotificationHelper.swift; sourceTree = "<group>"; };
/* End PBXFileReference section */

/* Begin PBXFrameworksBuildPhase section */
		F1585EA22149A860005EDF82 /* Frameworks */ = {
			isa = PBXFrameworksBuildPhase;
			buildActionMask = 2147483647;
			files = (
			);
			runOnlyForDeploymentPostprocessing = 0;
		};
/* End PBXFrameworksBuildPhase section */

/* Begin PBXGroup section */
		F1585E9C2149A860005EDF82 = {
			isa = PBXGroup;
			children = (
				F1585EA72149A860005EDF82 /* Memories */,
				F1585EA62149A860005EDF82 /* Products */,
			);
			sourceTree = "<group>";
		};
		F1585EA62149A860005EDF82 /* Products */ = {
			isa = PBXGroup;
			children = (
				F1585EA52149A860005EDF82 /* Memories.app */,
			);
			name = Products;
			sourceTree = "<group>";
		};
		F1585EA72149A860005EDF82 /* Memories */ = {
			isa = PBXGroup;
			children = (
				F1585EBE2149A8AA005EDF82 /* Portocols */,
				F1585EBD2149A8A3005EDF82 /* Models */,
				F1585EBC2149A896005EDF82 /* View Controllers */,
				F1585EBB2149A88C005EDF82 /* Storyboards */,
				F1585EBA2149A878005EDF82 /* Resources */,
			);
			path = Memories;
			sourceTree = "<group>";
		};
		F1585EBA2149A878005EDF82 /* Resources */ = {
			isa = PBXGroup;
			children = (
				F1585EA82149A860005EDF82 /* AppDelegate.swift */,
				F1585EAF2149A861005EDF82 /* Assets.xcassets */,
				F1585EB42149A861005EDF82 /* Info.plist */,
			);
			path = Resources;
			sourceTree = "<group>";
		};
		F1585EBB2149A88C005EDF82 /* Storyboards */ = {
			isa = PBXGroup;
			children = (
				F1585EAC2149A860005EDF82 /* Main.storyboard */,
				F1585EB12149A861005EDF82 /* LaunchScreen.storyboard */,
			);
			path = Storyboards;
			sourceTree = "<group>";
		};
		F1585EBC2149A896005EDF82 /* View Controllers */ = {
			isa = PBXGroup;
			children = (
				F1585EBF2149ACEB005EDF82 /* OnboardingViewController.swift */,
				F1585EC12149B1F8005EDF82 /* MemoriesTableViewController.swift */,
				F1585EC32149B44A005EDF82 /* MemoryDetailViewController.swift */,
			);
			path = "View Controllers";
			sourceTree = "<group>";
		};
		F1585EBD2149A8A3005EDF82 /* Models */ = {
			isa = PBXGroup;
			children = (
				F1585EC52149B5DC005EDF82 /* Memory.swift */,
				F1585EC72149B64F005EDF82 /* MemoryController.swift */,
				F1585EC92149BFE5005EDF82 /* LocalNotificationHelper.swift */,
			);
			path = Models;
			sourceTree = "<group>";
		};
		F1585EBE2149A8AA005EDF82 /* Portocols */ = {
			isa = PBXGroup;
			children = (
			);
			path = Portocols;
			sourceTree = "<group>";
		};
/* End PBXGroup section */

/* Begin PBXNativeTarget section */
		F1585EA42149A860005EDF82 /* Memories */ = {
			isa = PBXNativeTarget;
			buildConfigurationList = F1585EB72149A861005EDF82 /* Build configuration list for PBXNativeTarget "Memories" */;
			buildPhases = (
				F1585EA12149A860005EDF82 /* Sources */,
				F1585EA22149A860005EDF82 /* Frameworks */,
				F1585EA32149A860005EDF82 /* Resources */,
			);
			buildRules = (
			);
			dependencies = (
			);
			name = Memories;
			productName = Memories;
			productReference = F1585EA52149A860005EDF82 /* Memories.app */;
			productType = "com.apple.product-type.application";
		};
/* End PBXNativeTarget section */

/* Begin PBXProject section */
		F1585E9D2149A860005EDF82 /* Project object */ = {
			isa = PBXProject;
			attributes = {
				LastSwiftUpdateCheck = 0940;
				LastUpgradeCheck = 0940;
				ORGANIZATIONNAME = "Scott Bennett";
				TargetAttributes = {
					F1585EA42149A860005EDF82 = {
						CreatedOnToolsVersion = 9.4.1;
					};
				};
			};
			buildConfigurationList = F1585EA02149A860005EDF82 /* Build configuration list for PBXProject "Memories" */;
			compatibilityVersion = "Xcode 9.3";
			developmentRegion = en;
			hasScannedForEncodings = 0;
			knownRegions = (
				en,
				Base,
			);
			mainGroup = F1585E9C2149A860005EDF82;
			productRefGroup = F1585EA62149A860005EDF82 /* Products */;
			projectDirPath = "";
			projectRoot = "";
			targets = (
				F1585EA42149A860005EDF82 /* Memories */,
			);
		};
/* End PBXProject section */

/* Begin PBXResourcesBuildPhase section */
		F1585EA32149A860005EDF82 /* Resources */ = {
			isa = PBXResourcesBuildPhase;
			buildActionMask = 2147483647;
			files = (
				F1585EB32149A861005EDF82 /* LaunchScreen.storyboard in Resources */,
				F1585EB02149A861005EDF82 /* Assets.xcassets in Resources */,
				F1585EAE2149A860005EDF82 /* Main.storyboard in Resources */,
			);
			runOnlyForDeploymentPostprocessing = 0;
		};
/* End PBXResourcesBuildPhase section */

/* Begin PBXSourcesBuildPhase section */
		F1585EA12149A860005EDF82 /* Sources */ = {
			isa = PBXSourcesBuildPhase;
			buildActionMask = 2147483647;
			files = (
				F1585EC42149B44A005EDF82 /* MemoryDetailViewController.swift in Sources */,
				F1585EC22149B1F8005EDF82 /* MemoriesTableViewController.swift in Sources */,
				F1585EC82149B64F005EDF82 /* MemoryController.swift in Sources */,
				F1585ECA2149BFE5005EDF82 /* LocalNotificationHelper.swift in Sources */,
				F1585EC02149ACEB005EDF82 /* OnboardingViewController.swift in Sources */,
				F1585EC62149B5DC005EDF82 /* Memory.swift in Sources */,
				F1585EA92149A860005EDF82 /* AppDelegate.swift in Sources */,
			);
			runOnlyForDeploymentPostprocessing = 0;
		};
/* End PBXSourcesBuildPhase section */

/* Begin PBXVariantGroup section */
		F1585EAC2149A860005EDF82 /* Main.storyboard */ = {
			isa = PBXVariantGroup;
			children = (
				F1585EAD2149A860005EDF82 /* Base */,
			);
			name = Main.storyboard;
			sourceTree = "<group>";
		};
		F1585EB12149A861005EDF82 /* LaunchScreen.storyboard */ = {
			isa = PBXVariantGroup;
			children = (
				F1585EB22149A861005EDF82 /* Base */,
			);
			name = LaunchScreen.storyboard;
			sourceTree = "<group>";
		};
/* End PBXVariantGroup section */

/* Begin XCBuildConfiguration section */
		F1585EB52149A861005EDF82 /* Debug */ = {
			isa = XCBuildConfiguration;
			buildSettings = {
				ALWAYS_SEARCH_USER_PATHS = NO;
				CLANG_ANALYZER_NONNULL = YES;
				CLANG_ANALYZER_NUMBER_OBJECT_CONVERSION = YES_AGGRESSIVE;
				CLANG_CXX_LANGUAGE_STANDARD = "gnu++14";
				CLANG_CXX_LIBRARY = "libc++";
				CLANG_ENABLE_MODULES = YES;
				CLANG_ENABLE_OBJC_ARC = YES;
				CLANG_ENABLE_OBJC_WEAK = YES;
				CLANG_WARN_BLOCK_CAPTURE_AUTORELEASING = YES;
				CLANG_WARN_BOOL_CONVERSION = YES;
				CLANG_WARN_COMMA = YES;
				CLANG_WARN_CONSTANT_CONVERSION = YES;
				CLANG_WARN_DEPRECATED_OBJC_IMPLEMENTATIONS = YES;
				CLANG_WARN_DIRECT_OBJC_ISA_USAGE = YES_ERROR;
				CLANG_WARN_DOCUMENTATION_COMMENTS = YES;
				CLANG_WARN_EMPTY_BODY = YES;
				CLANG_WARN_ENUM_CONVERSION = YES;
				CLANG_WARN_INFINITE_RECURSION = YES;
				CLANG_WARN_INT_CONVERSION = YES;
				CLANG_WARN_NON_LITERAL_NULL_CONVERSION = YES;
				CLANG_WARN_OBJC_IMPLICIT_RETAIN_SELF = YES;
				CLANG_WARN_OBJC_LITERAL_CONVERSION = YES;
				CLANG_WARN_OBJC_ROOT_CLASS = YES_ERROR;
				CLANG_WARN_RANGE_LOOP_ANALYSIS = YES;
				CLANG_WARN_STRICT_PROTOTYPES = YES;
				CLANG_WARN_SUSPICIOUS_MOVE = YES;
				CLANG_WARN_UNGUARDED_AVAILABILITY = YES_AGGRESSIVE;
				CLANG_WARN_UNREACHABLE_CODE = YES;
				CLANG_WARN__DUPLICATE_METHOD_MATCH = YES;
				CODE_SIGN_IDENTITY = "iPhone Developer";
				COPY_PHASE_STRIP = NO;
				DEBUG_INFORMATION_FORMAT = dwarf;
				ENABLE_STRICT_OBJC_MSGSEND = YES;
				ENABLE_TESTABILITY = YES;
				GCC_C_LANGUAGE_STANDARD = gnu11;
				GCC_DYNAMIC_NO_PIC = NO;
				GCC_NO_COMMON_BLOCKS = YES;
				GCC_OPTIMIZATION_LEVEL = 0;
				GCC_PREPROCESSOR_DEFINITIONS = (
					"DEBUG=1",
					"$(inherited)",
				);
				GCC_WARN_64_TO_32_BIT_CONVERSION = YES;
				GCC_WARN_ABOUT_RETURN_TYPE = YES_ERROR;
				GCC_WARN_UNDECLARED_SELECTOR = YES;
				GCC_WARN_UNINITIALIZED_AUTOS = YES_AGGRESSIVE;
				GCC_WARN_UNUSED_FUNCTION = YES;
				GCC_WARN_UNUSED_VARIABLE = YES;
				IPHONEOS_DEPLOYMENT_TARGET = 11.4;
				MTL_ENABLE_DEBUG_INFO = YES;
				ONLY_ACTIVE_ARCH = YES;
				SDKROOT = iphoneos;
				SWIFT_ACTIVE_COMPILATION_CONDITIONS = DEBUG;
				SWIFT_OPTIMIZATION_LEVEL = "-Onone";
			};
			name = Debug;
		};
		F1585EB62149A861005EDF82 /* Release */ = {
			isa = XCBuildConfiguration;
			buildSettings = {
				ALWAYS_SEARCH_USER_PATHS = NO;
				CLANG_ANALYZER_NONNULL = YES;
				CLANG_ANALYZER_NUMBER_OBJECT_CONVERSION = YES_AGGRESSIVE;
				CLANG_CXX_LANGUAGE_STANDARD = "gnu++14";
				CLANG_CXX_LIBRARY = "libc++";
				CLANG_ENABLE_MODULES = YES;
				CLANG_ENABLE_OBJC_ARC = YES;
				CLANG_ENABLE_OBJC_WEAK = YES;
				CLANG_WARN_BLOCK_CAPTURE_AUTORELEASING = YES;
				CLANG_WARN_BOOL_CONVERSION = YES;
				CLANG_WARN_COMMA = YES;
				CLANG_WARN_CONSTANT_CONVERSION = YES;
				CLANG_WARN_DEPRECATED_OBJC_IMPLEMENTATIONS = YES;
				CLANG_WARN_DIRECT_OBJC_ISA_USAGE = YES_ERROR;
				CLANG_WARN_DOCUMENTATION_COMMENTS = YES;
				CLANG_WARN_EMPTY_BODY = YES;
				CLANG_WARN_ENUM_CONVERSION = YES;
				CLANG_WARN_INFINITE_RECURSION = YES;
				CLANG_WARN_INT_CONVERSION = YES;
				CLANG_WARN_NON_LITERAL_NULL_CONVERSION = YES;
				CLANG_WARN_OBJC_IMPLICIT_RETAIN_SELF = YES;
				CLANG_WARN_OBJC_LITERAL_CONVERSION = YES;
				CLANG_WARN_OBJC_ROOT_CLASS = YES_ERROR;
				CLANG_WARN_RANGE_LOOP_ANALYSIS = YES;
				CLANG_WARN_STRICT_PROTOTYPES = YES;
				CLANG_WARN_SUSPICIOUS_MOVE = YES;
				CLANG_WARN_UNGUARDED_AVAILABILITY = YES_AGGRESSIVE;
				CLANG_WARN_UNREACHABLE_CODE = YES;
				CLANG_WARN__DUPLICATE_METHOD_MATCH = YES;
				CODE_SIGN_IDENTITY = "iPhone Developer";
				COPY_PHASE_STRIP = NO;
				DEBUG_INFORMATION_FORMAT = "dwarf-with-dsym";
				ENABLE_NS_ASSERTIONS = NO;
				ENABLE_STRICT_OBJC_MSGSEND = YES;
				GCC_C_LANGUAGE_STANDARD = gnu11;
				GCC_NO_COMMON_BLOCKS = YES;
				GCC_WARN_64_TO_32_BIT_CONVERSION = YES;
				GCC_WARN_ABOUT_RETURN_TYPE = YES_ERROR;
				GCC_WARN_UNDECLARED_SELECTOR = YES;
				GCC_WARN_UNINITIALIZED_AUTOS = YES_AGGRESSIVE;
				GCC_WARN_UNUSED_FUNCTION = YES;
				GCC_WARN_UNUSED_VARIABLE = YES;
				IPHONEOS_DEPLOYMENT_TARGET = 11.4;
				MTL_ENABLE_DEBUG_INFO = NO;
				SDKROOT = iphoneos;
				SWIFT_COMPILATION_MODE = wholemodule;
				SWIFT_OPTIMIZATION_LEVEL = "-O";
				VALIDATE_PRODUCT = YES;
			};
			name = Release;
		};
		F1585EB82149A861005EDF82 /* Debug */ = {
			isa = XCBuildConfiguration;
			buildSettings = {
				ASSETCATALOG_COMPILER_APPICON_NAME = AppIcon;
				CODE_SIGN_STYLE = Automatic;
				DEVELOPMENT_TEAM = 5KBWP959TD;
				INFOPLIST_FILE = "$(SRCROOT)/Memories/Resources/Info.plist";
				LD_RUNPATH_SEARCH_PATHS = (
					"$(inherited)",
					"@executable_path/Frameworks",
				);
				PRODUCT_BUNDLE_IDENTIFIER = com.expertservices.Memories;
				PRODUCT_NAME = "$(TARGET_NAME)";
				SWIFT_VERSION = 4.0;
				TARGETED_DEVICE_FAMILY = "1,2";
			};
			name = Debug;
		};
		F1585EB92149A861005EDF82 /* Release */ = {
			isa = XCBuildConfiguration;
			buildSettings = {
				ASSETCATALOG_COMPILER_APPICON_NAME = AppIcon;
				CODE_SIGN_STYLE = Automatic;
				DEVELOPMENT_TEAM = 5KBWP959TD;
				INFOPLIST_FILE = "$(SRCROOT)/Memories/Resources/Info.plist";
				LD_RUNPATH_SEARCH_PATHS = (
					"$(inherited)",
					"@executable_path/Frameworks",
				);
				PRODUCT_BUNDLE_IDENTIFIER = com.expertservices.Memories;
				PRODUCT_NAME = "$(TARGET_NAME)";
				SWIFT_VERSION = 4.0;
				TARGETED_DEVICE_FAMILY = "1,2";
			};
			name = Release;
		};
/* End XCBuildConfiguration section */

/* Begin XCConfigurationList section */
		F1585EA02149A860005EDF82 /* Build configuration list for PBXProject "Memories" */ = {
			isa = XCConfigurationList;
			buildConfigurations = (
				F1585EB52149A861005EDF82 /* Debug */,
				F1585EB62149A861005EDF82 /* Release */,
			);
			defaultConfigurationIsVisible = 0;
			defaultConfigurationName = Release;
		};
		F1585EB72149A861005EDF82 /* Build configuration list for PBXNativeTarget "Memories" */ = {
			isa = XCConfigurationList;
			buildConfigurations = (
				F1585EB82149A861005EDF82 /* Debug */,
				F1585EB92149A861005EDF82 /* Release */,
			);
			defaultConfigurationIsVisible = 0;
			defaultConfigurationName = Release;
		};
/* End XCConfigurationList section */
	};
	rootObject = F1585E9D2149A860005EDF82 /* Project object */;
}
