// !$*UTF8*$!
{
	archiveVersion = 1;
	classes = {
	};
	objectVersion = 50;
	objects = {

/* Begin PBXBuildFile section */
		94089106211B7E91001F68C3 /* AppDelegate.swift in Sources */ = {isa = PBXBuildFile; fileRef = 94089105211B7E91001F68C3 /* AppDelegate.swift */; };
		94089108211B7E92001F68C3 /* OnboardingViewController.swift in Sources */ = {isa = PBXBuildFile; fileRef = 94089107211B7E92001F68C3 /* OnboardingViewController.swift */; };
		9408910B211B7E93001F68C3 /* Main.storyboard in Resources */ = {isa = PBXBuildFile; fileRef = 94089109211B7E93001F68C3 /* Main.storyboard */; };
		9408910D211B7EB5001F68C3 /* Assets.xcassets in Resources */ = {isa = PBXBuildFile; fileRef = 9408910C211B7EB5001F68C3 /* Assets.xcassets */; };
		94089110211B7EB5001F68C3 /* LaunchScreen.storyboard in Resources */ = {isa = PBXBuildFile; fileRef = 9408910E211B7EB5001F68C3 /* LaunchScreen.storyboard */; };
		94089119211B81F6001F68C3 /* Memory.swift in Sources */ = {isa = PBXBuildFile; fileRef = 94089118211B81F6001F68C3 /* Memory.swift */; };
		9408911C211B82CB001F68C3 /* Memory Controller.swift in Sources */ = {isa = PBXBuildFile; fileRef = 9408911B211B82CB001F68C3 /* Memory Controller.swift */; };
		94089125211B9B10001F68C3 /* LocalNotificationHelper.swift in Sources */ = {isa = PBXBuildFile; fileRef = 94089124211B9B10001F68C3 /* LocalNotificationHelper.swift */; };
		EBA39A0A2149E66600A54F2A /* Persistence.swift in Sources */ = {isa = PBXBuildFile; fileRef = EBA39A092149E66600A54F2A /* Persistence.swift */; };
/* End PBXBuildFile section */

/* Begin PBXFileReference section */
		94089102211B7E90001F68C3 /* Memories.app */ = {isa = PBXFileReference; explicitFileType = wrapper.application; includeInIndex = 0; path = Memories.app; sourceTree = BUILT_PRODUCTS_DIR; };
		94089105211B7E91001F68C3 /* AppDelegate.swift */ = {isa = PBXFileReference; lastKnownFileType = sourcecode.swift; path = AppDelegate.swift; sourceTree = "<group>"; };
		94089107211B7E92001F68C3 /* OnboardingViewController.swift */ = {isa = PBXFileReference; lastKnownFileType = sourcecode.swift; path = OnboardingViewController.swift; sourceTree = "<group>"; };
		9408910A211B7E93001F68C3 /* Base */ = {isa = PBXFileReference; lastKnownFileType = file.storyboard; name = Base; path = Base.lproj/Main.storyboard; sourceTree = "<group>"; };
		9408910C211B7EB5001F68C3 /* Assets.xcassets */ = {isa = PBXFileReference; lastKnownFileType = folder.assetcatalog; path = Assets.xcassets; sourceTree = "<group>"; };
		9408910F211B7EB5001F68C3 /* Base */ = {isa = PBXFileReference; lastKnownFileType = file.storyboard; name = Base; path = Base.lproj/LaunchScreen.storyboard; sourceTree = "<group>"; };
		94089111211B7EB5001F68C3 /* Info.plist */ = {isa = PBXFileReference; lastKnownFileType = text.plist.xml; path = Info.plist; sourceTree = "<group>"; };
		94089118211B81F6001F68C3 /* Memory.swift */ = {isa = PBXFileReference; lastKnownFileType = sourcecode.swift; path = Memory.swift; sourceTree = "<group>"; };
		9408911B211B82CB001F68C3 /* Memory Controller.swift */ = {isa = PBXFileReference; lastKnownFileType = sourcecode.swift; path = "Memory Controller.swift"; sourceTree = "<group>"; };
		94089124211B9B10001F68C3 /* LocalNotificationHelper.swift */ = {isa = PBXFileReference; lastKnownFileType = sourcecode.swift; path = LocalNotificationHelper.swift; sourceTree = "<group>"; };
		EBA39A092149E66600A54F2A /* Persistence.swift */ = {isa = PBXFileReference; lastKnownFileType = sourcecode.swift; path = Persistence.swift; sourceTree = "<group>"; };
/* End PBXFileReference section */

/* Begin PBXFrameworksBuildPhase section */
		940890FF211B7E90001F68C3 /* Frameworks */ = {
			isa = PBXFrameworksBuildPhase;
			buildActionMask = 2147483647;
			files = (
			);
			runOnlyForDeploymentPostprocessing = 0;
		};
/* End PBXFrameworksBuildPhase section */

/* Begin PBXGroup section */
		940890F9211B7E90001F68C3 = {
			isa = PBXGroup;
			children = (
				94089104211B7E90001F68C3 /* Memories */,
				94089103211B7E90001F68C3 /* Products */,
			);
			sourceTree = "<group>";
		};
		94089103211B7E90001F68C3 /* Products */ = {
			isa = PBXGroup;
			children = (
				94089102211B7E90001F68C3 /* Memories.app */,
			);
			name = Products;
			sourceTree = "<group>";
		};
		94089104211B7E90001F68C3 /* Memories */ = {
			isa = PBXGroup;
			children = (
				94089123211B9AE2001F68C3 /* Notification */,
				9408911F211B972E001F68C3 /* View Controller */,
				9408911A211B82AD001F68C3 /* Model Controller */,
				94089117211B8171001F68C3 /* model */,
				94089105211B7E91001F68C3 /* AppDelegate.swift */,
				94089109211B7E93001F68C3 /* Main.storyboard */,
				9408910C211B7EB5001F68C3 /* Assets.xcassets */,
				9408910E211B7EB5001F68C3 /* LaunchScreen.storyboard */,
				94089111211B7EB5001F68C3 /* Info.plist */,
			);
			path = Memories;
			sourceTree = "<group>";
		};
		94089117211B8171001F68C3 /* model */ = {
			isa = PBXGroup;
			children = (
				94089118211B81F6001F68C3 /* Memory.swift */,
			);
			path = model;
			sourceTree = "<group>";
		};
		9408911A211B82AD001F68C3 /* Model Controller */ = {
			isa = PBXGroup;
			children = (
				9408911B211B82CB001F68C3 /* Memory Controller.swift */,
				EBA39A092149E66600A54F2A /* Persistence.swift */,
			);
			path = "Model Controller";
			sourceTree = "<group>";
		};
		9408911F211B972E001F68C3 /* View Controller */ = {
			isa = PBXGroup;
			children = (
				94089107211B7E92001F68C3 /* OnboardingViewController.swift */,
			);
			path = "View Controller";
			sourceTree = "<group>";
		};
		94089123211B9AE2001F68C3 /* Notification */ = {
			isa = PBXGroup;
			children = (
				94089124211B9B10001F68C3 /* LocalNotificationHelper.swift */,
			);
			path = Notification;
			sourceTree = "<group>";
		};
/* End PBXGroup section */

/* Begin PBXNativeTarget section */
		94089101211B7E90001F68C3 /* Memories */ = {
			isa = PBXNativeTarget;
			buildConfigurationList = 94089114211B7EB5001F68C3 /* Build configuration list for PBXNativeTarget "Memories" */;
			buildPhases = (
				940890FE211B7E90001F68C3 /* Sources */,
				940890FF211B7E90001F68C3 /* Frameworks */,
				94089100211B7E90001F68C3 /* Resources */,
			);
			buildRules = (
			);
			dependencies = (
			);
			name = Memories;
			productName = Memories;
			productReference = 94089102211B7E90001F68C3 /* Memories.app */;
			productType = "com.apple.product-type.application";
		};
/* End PBXNativeTarget section */

/* Begin PBXProject section */
		940890FA211B7E90001F68C3 /* Project object */ = {
			isa = PBXProject;
			attributes = {
				LastSwiftUpdateCheck = 0940;
				LastUpgradeCheck = 0940;
				ORGANIZATIONNAME = "Iyin Raphael";
				TargetAttributes = {
					94089101211B7E90001F68C3 = {
						CreatedOnToolsVersion = 9.4.1;
					};
				};
			};
			buildConfigurationList = 940890FD211B7E90001F68C3 /* Build configuration list for PBXProject "Memories" */;
			compatibilityVersion = "Xcode 9.3";
			developmentRegion = en;
			hasScannedForEncodings = 0;
			knownRegions = (
				en,
				Base,
			);
			mainGroup = 940890F9211B7E90001F68C3;
			productRefGroup = 94089103211B7E90001F68C3 /* Products */;
			projectDirPath = "";
			projectRoot = "";
			targets = (
				94089101211B7E90001F68C3 /* Memories */,
			);
		};
/* End PBXProject section */

/* Begin PBXResourcesBuildPhase section */
		94089100211B7E90001F68C3 /* Resources */ = {
			isa = PBXResourcesBuildPhase;
			buildActionMask = 2147483647;
			files = (
				94089110211B7EB5001F68C3 /* LaunchScreen.storyboard in Resources */,
				9408910D211B7EB5001F68C3 /* Assets.xcassets in Resources */,
				9408910B211B7E93001F68C3 /* Main.storyboard in Resources */,
			);
			runOnlyForDeploymentPostprocessing = 0;
		};
/* End PBXResourcesBuildPhase section */

/* Begin PBXSourcesBuildPhase section */
		940890FE211B7E90001F68C3 /* Sources */ = {
			isa = PBXSourcesBuildPhase;
			buildActionMask = 2147483647;
			files = (
				94089119211B81F6001F68C3 /* Memory.swift in Sources */,
				94089108211B7E92001F68C3 /* OnboardingViewController.swift in Sources */,
				94089125211B9B10001F68C3 /* LocalNotificationHelper.swift in Sources */,
				EBA39A0A2149E66600A54F2A /* Persistence.swift in Sources */,
				94089106211B7E91001F68C3 /* AppDelegate.swift in Sources */,
				9408911C211B82CB001F68C3 /* Memory Controller.swift in Sources */,
			);
			runOnlyForDeploymentPostprocessing = 0;
		};
/* End PBXSourcesBuildPhase section */

/* Begin PBXVariantGroup section */
		94089109211B7E93001F68C3 /* Main.storyboard */ = {
			isa = PBXVariantGroup;
			children = (
				9408910A211B7E93001F68C3 /* Base */,
			);
			name = Main.storyboard;
			sourceTree = "<group>";
		};
		9408910E211B7EB5001F68C3 /* LaunchScreen.storyboard */ = {
			isa = PBXVariantGroup;
			children = (
				9408910F211B7EB5001F68C3 /* Base */,
			);
			name = LaunchScreen.storyboard;
			sourceTree = "<group>";
		};
/* End PBXVariantGroup section */

/* Begin XCBuildConfiguration section */
		94089112211B7EB5001F68C3 /* Debug */ = {
			isa = XCBuildConfiguration;
			buildSettings = {
				ALWAYS_SEARCH_USER_PATHS = NO;
				CLANG_ANALYZER_NONNULL = YES;
				CLANG_ANALYZER_NUMBER_OBJECT_CONVERSION = YES_AGGRESSIVE;
				CLANG_CXX_LANGUAGE_STANDARD = "gnu++14";
				CLANG_CXX_LIBRARY = "libc++";
				CLANG_ENABLE_MODULES = YES;
				CLANG_ENABLE_OBJC_ARC = YES;
				CLANG_ENABLE_OBJC_WEAK = YES;
				CLANG_WARN_BLOCK_CAPTURE_AUTORELEASING = YES;
				CLANG_WARN_BOOL_CONVERSION = YES;
				CLANG_WARN_COMMA = YES;
				CLANG_WARN_CONSTANT_CONVERSION = YES;
				CLANG_WARN_DEPRECATED_OBJC_IMPLEMENTATIONS = YES;
				CLANG_WARN_DIRECT_OBJC_ISA_USAGE = YES_ERROR;
				CLANG_WARN_DOCUMENTATION_COMMENTS = YES;
				CLANG_WARN_EMPTY_BODY = YES;
				CLANG_WARN_ENUM_CONVERSION = YES;
				CLANG_WARN_INFINITE_RECURSION = YES;
				CLANG_WARN_INT_CONVERSION = YES;
				CLANG_WARN_NON_LITERAL_NULL_CONVERSION = YES;
				CLANG_WARN_OBJC_IMPLICIT_RETAIN_SELF = YES;
				CLANG_WARN_OBJC_LITERAL_CONVERSION = YES;
				CLANG_WARN_OBJC_ROOT_CLASS = YES_ERROR;
				CLANG_WARN_RANGE_LOOP_ANALYSIS = YES;
				CLANG_WARN_STRICT_PROTOTYPES = YES;
				CLANG_WARN_SUSPICIOUS_MOVE = YES;
				CLANG_WARN_UNGUARDED_AVAILABILITY = YES_AGGRESSIVE;
				CLANG_WARN_UNREACHABLE_CODE = YES;
				CLANG_WARN__DUPLICATE_METHOD_MATCH = YES;
				CODE_SIGN_IDENTITY = "iPhone Developer";
				COPY_PHASE_STRIP = NO;
				DEBUG_INFORMATION_FORMAT = dwarf;
				ENABLE_STRICT_OBJC_MSGSEND = YES;
				ENABLE_TESTABILITY = YES;
				GCC_C_LANGUAGE_STANDARD = gnu11;
				GCC_DYNAMIC_NO_PIC = NO;
				GCC_NO_COMMON_BLOCKS = YES;
				GCC_OPTIMIZATION_LEVEL = 0;
				GCC_PREPROCESSOR_DEFINITIONS = (
					"DEBUG=1",
					"$(inherited)",
				);
				GCC_WARN_64_TO_32_BIT_CONVERSION = YES;
				GCC_WARN_ABOUT_RETURN_TYPE = YES_ERROR;
				GCC_WARN_UNDECLARED_SELECTOR = YES;
				GCC_WARN_UNINITIALIZED_AUTOS = YES_AGGRESSIVE;
				GCC_WARN_UNUSED_FUNCTION = YES;
				GCC_WARN_UNUSED_VARIABLE = YES;
				IPHONEOS_DEPLOYMENT_TARGET = 11.4;
				MTL_ENABLE_DEBUG_INFO = YES;
				ONLY_ACTIVE_ARCH = YES;
				SDKROOT = iphoneos;
				SWIFT_ACTIVE_COMPILATION_CONDITIONS = DEBUG;
				SWIFT_OPTIMIZATION_LEVEL = "-Onone";
			};
			name = Debug;
		};
		94089113211B7EB5001F68C3 /* Release */ = {
			isa = XCBuildConfiguration;
			buildSettings = {
				ALWAYS_SEARCH_USER_PATHS = NO;
				CLANG_ANALYZER_NONNULL = YES;
				CLANG_ANALYZER_NUMBER_OBJECT_CONVERSION = YES_AGGRESSIVE;
				CLANG_CXX_LANGUAGE_STANDARD = "gnu++14";
				CLANG_CXX_LIBRARY = "libc++";
				CLANG_ENABLE_MODULES = YES;
				CLANG_ENABLE_OBJC_ARC = YES;
				CLANG_ENABLE_OBJC_WEAK = YES;
				CLANG_WARN_BLOCK_CAPTURE_AUTORELEASING = YES;
				CLANG_WARN_BOOL_CONVERSION = YES;
				CLANG_WARN_COMMA = YES;
				CLANG_WARN_CONSTANT_CONVERSION = YES;
				CLANG_WARN_DEPRECATED_OBJC_IMPLEMENTATIONS = YES;
				CLANG_WARN_DIRECT_OBJC_ISA_USAGE = YES_ERROR;
				CLANG_WARN_DOCUMENTATION_COMMENTS = YES;
				CLANG_WARN_EMPTY_BODY = YES;
				CLANG_WARN_ENUM_CONVERSION = YES;
				CLANG_WARN_INFINITE_RECURSION = YES;
				CLANG_WARN_INT_CONVERSION = YES;
				CLANG_WARN_NON_LITERAL_NULL_CONVERSION = YES;
				CLANG_WARN_OBJC_IMPLICIT_RETAIN_SELF = YES;
				CLANG_WARN_OBJC_LITERAL_CONVERSION = YES;
				CLANG_WARN_OBJC_ROOT_CLASS = YES_ERROR;
				CLANG_WARN_RANGE_LOOP_ANALYSIS = YES;
				CLANG_WARN_STRICT_PROTOTYPES = YES;
				CLANG_WARN_SUSPICIOUS_MOVE = YES;
				CLANG_WARN_UNGUARDED_AVAILABILITY = YES_AGGRESSIVE;
				CLANG_WARN_UNREACHABLE_CODE = YES;
				CLANG_WARN__DUPLICATE_METHOD_MATCH = YES;
				CODE_SIGN_IDENTITY = "iPhone Developer";
				COPY_PHASE_STRIP = NO;
				DEBUG_INFORMATION_FORMAT = "dwarf-with-dsym";
				ENABLE_NS_ASSERTIONS = NO;
				ENABLE_STRICT_OBJC_MSGSEND = YES;
				GCC_C_LANGUAGE_STANDARD = gnu11;
				GCC_NO_COMMON_BLOCKS = YES;
				GCC_WARN_64_TO_32_BIT_CONVERSION = YES;
				GCC_WARN_ABOUT_RETURN_TYPE = YES_ERROR;
				GCC_WARN_UNDECLARED_SELECTOR = YES;
				GCC_WARN_UNINITIALIZED_AUTOS = YES_AGGRESSIVE;
				GCC_WARN_UNUSED_FUNCTION = YES;
				GCC_WARN_UNUSED_VARIABLE = YES;
				IPHONEOS_DEPLOYMENT_TARGET = 11.4;
				MTL_ENABLE_DEBUG_INFO = NO;
				SDKROOT = iphoneos;
				SWIFT_COMPILATION_MODE = wholemodule;
				SWIFT_OPTIMIZATION_LEVEL = "-O";
				VALIDATE_PRODUCT = YES;
			};
			name = Release;
		};
		94089115211B7EB5001F68C3 /* Debug */ = {
			isa = XCBuildConfiguration;
			buildSettings = {
				ASSETCATALOG_COMPILER_APPICON_NAME = AppIcon;
				CODE_SIGN_STYLE = Automatic;
				INFOPLIST_FILE = Memories/Info.plist;
				LD_RUNPATH_SEARCH_PATHS = (
					"$(inherited)",
					"@executable_path/Frameworks",
				);
				PRODUCT_BUNDLE_IDENTIFIER = iyin.Memories;
				PRODUCT_NAME = "$(TARGET_NAME)";
				SWIFT_VERSION = 4.0;
				TARGETED_DEVICE_FAMILY = "1,2";
			};
			name = Debug;
		};
		94089116211B7EB5001F68C3 /* Release */ = {
			isa = XCBuildConfiguration;
			buildSettings = {
				ASSETCATALOG_COMPILER_APPICON_NAME = AppIcon;
				CODE_SIGN_STYLE = Automatic;
				INFOPLIST_FILE = Memories/Info.plist;
				LD_RUNPATH_SEARCH_PATHS = (
					"$(inherited)",
					"@executable_path/Frameworks",
				);
				PRODUCT_BUNDLE_IDENTIFIER = iyin.Memories;
				PRODUCT_NAME = "$(TARGET_NAME)";
				SWIFT_VERSION = 4.0;
				TARGETED_DEVICE_FAMILY = "1,2";
			};
			name = Release;
		};
/* End XCBuildConfiguration section */

/* Begin XCConfigurationList section */
		940890FD211B7E90001F68C3 /* Build configuration list for PBXProject "Memories" */ = {
			isa = XCConfigurationList;
			buildConfigurations = (
				94089112211B7EB5001F68C3 /* Debug */,
				94089113211B7EB5001F68C3 /* Release */,
			);
			defaultConfigurationIsVisible = 0;
			defaultConfigurationName = Release;
		};
		94089114211B7EB5001F68C3 /* Build configuration list for PBXNativeTarget "Memories" */ = {
			isa = XCConfigurationList;
			buildConfigurations = (
				94089115211B7EB5001F68C3 /* Debug */,
				94089116211B7EB5001F68C3 /* Release */,
			);
			defaultConfigurationIsVisible = 0;
			defaultConfigurationName = Release;
		};
/* End XCConfigurationList section */
	};
	rootObject = 940890FA211B7E90001F68C3 /* Project object */;
}
