// !$*UTF8*$!
{
	archiveVersion = 1;
	classes = {
	};
	objectVersion = 50;
	objects = {

/* Begin PBXBuildFile section */
		7B247970214061CA006B334E /* AppDelegate.swift in Sources */ = {isa = PBXBuildFile; fileRef = 7B24796F214061CA006B334E /* AppDelegate.swift */; };
		7B247975214061CA006B334E /* Main.storyboard in Resources */ = {isa = PBXBuildFile; fileRef = 7B247973214061CA006B334E /* Main.storyboard */; };
		7B247977214061D1006B334E /* Assets.xcassets in Resources */ = {isa = PBXBuildFile; fileRef = 7B247976214061D1006B334E /* Assets.xcassets */; };
		7B24797A214061D1006B334E /* LaunchScreen.storyboard in Resources */ = {isa = PBXBuildFile; fileRef = 7B247978214061D1006B334E /* LaunchScreen.storyboard */; };
		7B247985214061D1006B334E /* MemoriesTests.swift in Sources */ = {isa = PBXBuildFile; fileRef = 7B247984214061D1006B334E /* MemoriesTests.swift */; };
		7B247990214061D1006B334E /* MemoriesUITests.swift in Sources */ = {isa = PBXBuildFile; fileRef = 7B24798F214061D1006B334E /* MemoriesUITests.swift */; };
		7B24799E2140635A006B334E /* Memory.swift in Sources */ = {isa = PBXBuildFile; fileRef = 7B24799D2140635A006B334E /* Memory.swift */; };
		7B2479A0214063E0006B334E /* MemoryController.swift in Sources */ = {isa = PBXBuildFile; fileRef = 7B24799F214063E0006B334E /* MemoryController.swift */; };
		7B2479A2214076E3006B334E /* OnboardingViewController.swift in Sources */ = {isa = PBXBuildFile; fileRef = 7B2479A1214076E3006B334E /* OnboardingViewController.swift */; };
		7B2479A42140785B006B334E /* MemoriesTableViewController.swift in Sources */ = {isa = PBXBuildFile; fileRef = 7B2479A32140785B006B334E /* MemoriesTableViewController.swift */; };
		7B2479A6214078AA006B334E /* MemoryDetailViewController.swift in Sources */ = {isa = PBXBuildFile; fileRef = 7B2479A5214078AA006B334E /* MemoryDetailViewController.swift */; };
		7B2479A821407AE5006B334E /* LocalNotificationHelper.swift in Sources */ = {isa = PBXBuildFile; fileRef = 7B2479A721407AE5006B334E /* LocalNotificationHelper.swift */; };
/* End PBXBuildFile section */

/* Begin PBXContainerItemProxy section */
		7B247981214061D1006B334E /* PBXContainerItemProxy */ = {
			isa = PBXContainerItemProxy;
			containerPortal = 7B247964214061CA006B334E /* Project object */;
			proxyType = 1;
			remoteGlobalIDString = 7B24796B214061CA006B334E;
			remoteInfo = Memories;
		};
		7B24798C214061D1006B334E /* PBXContainerItemProxy */ = {
			isa = PBXContainerItemProxy;
			containerPortal = 7B247964214061CA006B334E /* Project object */;
			proxyType = 1;
			remoteGlobalIDString = 7B24796B214061CA006B334E;
			remoteInfo = Memories;
		};
/* End PBXContainerItemProxy section */

/* Begin PBXFileReference section */
		7B24796C214061CA006B334E /* Memories.app */ = {isa = PBXFileReference; explicitFileType = wrapper.application; includeInIndex = 0; path = Memories.app; sourceTree = BUILT_PRODUCTS_DIR; };
		7B24796F214061CA006B334E /* AppDelegate.swift */ = {isa = PBXFileReference; lastKnownFileType = sourcecode.swift; path = AppDelegate.swift; sourceTree = "<group>"; };
		7B247974214061CA006B334E /* Base */ = {isa = PBXFileReference; lastKnownFileType = file.storyboard; name = Base; path = Base.lproj/Main.storyboard; sourceTree = "<group>"; };
		7B247976214061D1006B334E /* Assets.xcassets */ = {isa = PBXFileReference; lastKnownFileType = folder.assetcatalog; path = Assets.xcassets; sourceTree = "<group>"; };
		7B247979214061D1006B334E /* Base */ = {isa = PBXFileReference; lastKnownFileType = file.storyboard; name = Base; path = Base.lproj/LaunchScreen.storyboard; sourceTree = "<group>"; };
		7B24797B214061D1006B334E /* Info.plist */ = {isa = PBXFileReference; lastKnownFileType = text.plist.xml; path = Info.plist; sourceTree = "<group>"; };
		7B247980214061D1006B334E /* MemoriesTests.xctest */ = {isa = PBXFileReference; explicitFileType = wrapper.cfbundle; includeInIndex = 0; path = MemoriesTests.xctest; sourceTree = BUILT_PRODUCTS_DIR; };
		7B247984214061D1006B334E /* MemoriesTests.swift */ = {isa = PBXFileReference; lastKnownFileType = sourcecode.swift; path = MemoriesTests.swift; sourceTree = "<group>"; };
		7B247986214061D1006B334E /* Info.plist */ = {isa = PBXFileReference; lastKnownFileType = text.plist.xml; path = Info.plist; sourceTree = "<group>"; };
		7B24798B214061D1006B334E /* MemoriesUITests.xctest */ = {isa = PBXFileReference; explicitFileType = wrapper.cfbundle; includeInIndex = 0; path = MemoriesUITests.xctest; sourceTree = BUILT_PRODUCTS_DIR; };
		7B24798F214061D1006B334E /* MemoriesUITests.swift */ = {isa = PBXFileReference; lastKnownFileType = sourcecode.swift; path = MemoriesUITests.swift; sourceTree = "<group>"; };
		7B247991214061D1006B334E /* Info.plist */ = {isa = PBXFileReference; lastKnownFileType = text.plist.xml; path = Info.plist; sourceTree = "<group>"; };
		7B24799D2140635A006B334E /* Memory.swift */ = {isa = PBXFileReference; lastKnownFileType = sourcecode.swift; path = Memory.swift; sourceTree = "<group>"; };
		7B24799F214063E0006B334E /* MemoryController.swift */ = {isa = PBXFileReference; lastKnownFileType = sourcecode.swift; path = MemoryController.swift; sourceTree = "<group>"; };
		7B2479A1214076E3006B334E /* OnboardingViewController.swift */ = {isa = PBXFileReference; lastKnownFileType = sourcecode.swift; path = OnboardingViewController.swift; sourceTree = "<group>"; };
		7B2479A32140785B006B334E /* MemoriesTableViewController.swift */ = {isa = PBXFileReference; lastKnownFileType = sourcecode.swift; path = MemoriesTableViewController.swift; sourceTree = "<group>"; };
		7B2479A5214078AA006B334E /* MemoryDetailViewController.swift */ = {isa = PBXFileReference; lastKnownFileType = sourcecode.swift; path = MemoryDetailViewController.swift; sourceTree = "<group>"; };
		7B2479A721407AE5006B334E /* LocalNotificationHelper.swift */ = {isa = PBXFileReference; lastKnownFileType = sourcecode.swift; path = LocalNotificationHelper.swift; sourceTree = "<group>"; };
/* End PBXFileReference section */

/* Begin PBXFrameworksBuildPhase section */
		7B247969214061CA006B334E /* Frameworks */ = {
			isa = PBXFrameworksBuildPhase;
			buildActionMask = 2147483647;
			files = (
			);
			runOnlyForDeploymentPostprocessing = 0;
		};
		7B24797D214061D1006B334E /* Frameworks */ = {
			isa = PBXFrameworksBuildPhase;
			buildActionMask = 2147483647;
			files = (
			);
			runOnlyForDeploymentPostprocessing = 0;
		};
		7B247988214061D1006B334E /* Frameworks */ = {
			isa = PBXFrameworksBuildPhase;
			buildActionMask = 2147483647;
			files = (
			);
			runOnlyForDeploymentPostprocessing = 0;
		};
/* End PBXFrameworksBuildPhase section */

/* Begin PBXGroup section */
		7B247963214061CA006B334E = {
			isa = PBXGroup;
			children = (
				7B24796E214061CA006B334E /* Memories */,
				7B247983214061D1006B334E /* MemoriesTests */,
				7B24798E214061D1006B334E /* MemoriesUITests */,
				7B24796D214061CA006B334E /* Products */,
			);
			sourceTree = "<group>";
		};
		7B24796D214061CA006B334E /* Products */ = {
			isa = PBXGroup;
			children = (
				7B24796C214061CA006B334E /* Memories.app */,
				7B247980214061D1006B334E /* MemoriesTests.xctest */,
				7B24798B214061D1006B334E /* MemoriesUITests.xctest */,
			);
			name = Products;
			sourceTree = "<group>";
		};
		7B24796E214061CA006B334E /* Memories */ = {
			isa = PBXGroup;
			children = (
				7B24796F214061CA006B334E /* AppDelegate.swift */,
				7B247973214061CA006B334E /* Main.storyboard */,
				7B2479A5214078AA006B334E /* MemoryDetailViewController.swift */,
				7B2479A721407AE5006B334E /* LocalNotificationHelper.swift */,
				7B2479A1214076E3006B334E /* OnboardingViewController.swift */,
				7B2479A32140785B006B334E /* MemoriesTableViewController.swift */,
				7B24799D2140635A006B334E /* Memory.swift */,
				7B24799F214063E0006B334E /* MemoryController.swift */,
				7B247976214061D1006B334E /* Assets.xcassets */,
				7B247978214061D1006B334E /* LaunchScreen.storyboard */,
				7B24797B214061D1006B334E /* Info.plist */,
			);
			path = Memories;
			sourceTree = "<group>";
		};
		7B247983214061D1006B334E /* MemoriesTests */ = {
			isa = PBXGroup;
			children = (
				7B247984214061D1006B334E /* MemoriesTests.swift */,
				7B247986214061D1006B334E /* Info.plist */,
			);
			path = MemoriesTests;
			sourceTree = "<group>";
		};
		7B24798E214061D1006B334E /* MemoriesUITests */ = {
			isa = PBXGroup;
			children = (
				7B24798F214061D1006B334E /* MemoriesUITests.swift */,
				7B247991214061D1006B334E /* Info.plist */,
			);
			path = MemoriesUITests;
			sourceTree = "<group>";
		};
/* End PBXGroup section */

/* Begin PBXNativeTarget section */
		7B24796B214061CA006B334E /* Memories */ = {
			isa = PBXNativeTarget;
			buildConfigurationList = 7B247994214061D1006B334E /* Build configuration list for PBXNativeTarget "Memories" */;
			buildPhases = (
				7B247968214061CA006B334E /* Sources */,
				7B247969214061CA006B334E /* Frameworks */,
				7B24796A214061CA006B334E /* Resources */,
			);
			buildRules = (
			);
			dependencies = (
			);
			name = Memories;
			productName = Memories;
			productReference = 7B24796C214061CA006B334E /* Memories.app */;
			productType = "com.apple.product-type.application";
		};
		7B24797F214061D1006B334E /* MemoriesTests */ = {
			isa = PBXNativeTarget;
			buildConfigurationList = 7B247997214061D1006B334E /* Build configuration list for PBXNativeTarget "MemoriesTests" */;
			buildPhases = (
				7B24797C214061D1006B334E /* Sources */,
				7B24797D214061D1006B334E /* Frameworks */,
				7B24797E214061D1006B334E /* Resources */,
			);
			buildRules = (
			);
			dependencies = (
				7B247982214061D1006B334E /* PBXTargetDependency */,
			);
			name = MemoriesTests;
			productName = MemoriesTests;
			productReference = 7B247980214061D1006B334E /* MemoriesTests.xctest */;
			productType = "com.apple.product-type.bundle.unit-test";
		};
		7B24798A214061D1006B334E /* MemoriesUITests */ = {
			isa = PBXNativeTarget;
			buildConfigurationList = 7B24799A214061D1006B334E /* Build configuration list for PBXNativeTarget "MemoriesUITests" */;
			buildPhases = (
				7B247987214061D1006B334E /* Sources */,
				7B247988214061D1006B334E /* Frameworks */,
				7B247989214061D1006B334E /* Resources */,
			);
			buildRules = (
			);
			dependencies = (
				7B24798D214061D1006B334E /* PBXTargetDependency */,
			);
			name = MemoriesUITests;
			productName = MemoriesUITests;
			productReference = 7B24798B214061D1006B334E /* MemoriesUITests.xctest */;
			productType = "com.apple.product-type.bundle.ui-testing";
		};
/* End PBXNativeTarget section */

/* Begin PBXProject section */
		7B247964214061CA006B334E /* Project object */ = {
			isa = PBXProject;
			attributes = {
				LastSwiftUpdateCheck = 0940;
				LastUpgradeCheck = 0940;
				ORGANIZATIONNAME = "Daniela Parra";
				TargetAttributes = {
					7B24796B214061CA006B334E = {
						CreatedOnToolsVersion = 9.4.1;
					};
					7B24797F214061D1006B334E = {
						CreatedOnToolsVersion = 9.4.1;
						TestTargetID = 7B24796B214061CA006B334E;
					};
					7B24798A214061D1006B334E = {
						CreatedOnToolsVersion = 9.4.1;
						TestTargetID = 7B24796B214061CA006B334E;
					};
				};
			};
			buildConfigurationList = 7B247967214061CA006B334E /* Build configuration list for PBXProject "Memories" */;
			compatibilityVersion = "Xcode 9.3";
			developmentRegion = en;
			hasScannedForEncodings = 0;
			knownRegions = (
				en,
				Base,
			);
			mainGroup = 7B247963214061CA006B334E;
			productRefGroup = 7B24796D214061CA006B334E /* Products */;
			projectDirPath = "";
			projectRoot = "";
			targets = (
				7B24796B214061CA006B334E /* Memories */,
				7B24797F214061D1006B334E /* MemoriesTests */,
				7B24798A214061D1006B334E /* MemoriesUITests */,
			);
		};
/* End PBXProject section */

/* Begin PBXResourcesBuildPhase section */
		7B24796A214061CA006B334E /* Resources */ = {
			isa = PBXResourcesBuildPhase;
			buildActionMask = 2147483647;
			files = (
				7B24797A214061D1006B334E /* LaunchScreen.storyboard in Resources */,
				7B247977214061D1006B334E /* Assets.xcassets in Resources */,
				7B247975214061CA006B334E /* Main.storyboard in Resources */,
			);
			runOnlyForDeploymentPostprocessing = 0;
		};
		7B24797E214061D1006B334E /* Resources */ = {
			isa = PBXResourcesBuildPhase;
			buildActionMask = 2147483647;
			files = (
			);
			runOnlyForDeploymentPostprocessing = 0;
		};
		7B247989214061D1006B334E /* Resources */ = {
			isa = PBXResourcesBuildPhase;
			buildActionMask = 2147483647;
			files = (
			);
			runOnlyForDeploymentPostprocessing = 0;
		};
/* End PBXResourcesBuildPhase section */

/* Begin PBXSourcesBuildPhase section */
		7B247968214061CA006B334E /* Sources */ = {
			isa = PBXSourcesBuildPhase;
			buildActionMask = 2147483647;
			files = (
				7B2479A6214078AA006B334E /* MemoryDetailViewController.swift in Sources */,
				7B24799E2140635A006B334E /* Memory.swift in Sources */,
				7B2479A2214076E3006B334E /* OnboardingViewController.swift in Sources */,
				7B2479A821407AE5006B334E /* LocalNotificationHelper.swift in Sources */,
				7B2479A42140785B006B334E /* MemoriesTableViewController.swift in Sources */,
				7B2479A0214063E0006B334E /* MemoryController.swift in Sources */,
				7B247970214061CA006B334E /* AppDelegate.swift in Sources */,
			);
			runOnlyForDeploymentPostprocessing = 0;
		};
		7B24797C214061D1006B334E /* Sources */ = {
			isa = PBXSourcesBuildPhase;
			buildActionMask = 2147483647;
			files = (
				7B247985214061D1006B334E /* MemoriesTests.swift in Sources */,
			);
			runOnlyForDeploymentPostprocessing = 0;
		};
		7B247987214061D1006B334E /* Sources */ = {
			isa = PBXSourcesBuildPhase;
			buildActionMask = 2147483647;
			files = (
				7B247990214061D1006B334E /* MemoriesUITests.swift in Sources */,
			);
			runOnlyForDeploymentPostprocessing = 0;
		};
/* End PBXSourcesBuildPhase section */

/* Begin PBXTargetDependency section */
		7B247982214061D1006B334E /* PBXTargetDependency */ = {
			isa = PBXTargetDependency;
			target = 7B24796B214061CA006B334E /* Memories */;
			targetProxy = 7B247981214061D1006B334E /* PBXContainerItemProxy */;
		};
		7B24798D214061D1006B334E /* PBXTargetDependency */ = {
			isa = PBXTargetDependency;
			target = 7B24796B214061CA006B334E /* Memories */;
			targetProxy = 7B24798C214061D1006B334E /* PBXContainerItemProxy */;
		};
/* End PBXTargetDependency section */

/* Begin PBXVariantGroup section */
		7B247973214061CA006B334E /* Main.storyboard */ = {
			isa = PBXVariantGroup;
			children = (
				7B247974214061CA006B334E /* Base */,
			);
			name = Main.storyboard;
			sourceTree = "<group>";
		};
		7B247978214061D1006B334E /* LaunchScreen.storyboard */ = {
			isa = PBXVariantGroup;
			children = (
				7B247979214061D1006B334E /* Base */,
			);
			name = LaunchScreen.storyboard;
			sourceTree = "<group>";
		};
/* End PBXVariantGroup section */

/* Begin XCBuildConfiguration section */
		7B247992214061D1006B334E /* Debug */ = {
			isa = XCBuildConfiguration;
			buildSettings = {
				ALWAYS_SEARCH_USER_PATHS = NO;
				CLANG_ANALYZER_NONNULL = YES;
				CLANG_ANALYZER_NUMBER_OBJECT_CONVERSION = YES_AGGRESSIVE;
				CLANG_CXX_LANGUAGE_STANDARD = "gnu++14";
				CLANG_CXX_LIBRARY = "libc++";
				CLANG_ENABLE_MODULES = YES;
				CLANG_ENABLE_OBJC_ARC = YES;
				CLANG_ENABLE_OBJC_WEAK = YES;
				CLANG_WARN_BLOCK_CAPTURE_AUTORELEASING = YES;
				CLANG_WARN_BOOL_CONVERSION = YES;
				CLANG_WARN_COMMA = YES;
				CLANG_WARN_CONSTANT_CONVERSION = YES;
				CLANG_WARN_DEPRECATED_OBJC_IMPLEMENTATIONS = YES;
				CLANG_WARN_DIRECT_OBJC_ISA_USAGE = YES_ERROR;
				CLANG_WARN_DOCUMENTATION_COMMENTS = YES;
				CLANG_WARN_EMPTY_BODY = YES;
				CLANG_WARN_ENUM_CONVERSION = YES;
				CLANG_WARN_INFINITE_RECURSION = YES;
				CLANG_WARN_INT_CONVERSION = YES;
				CLANG_WARN_NON_LITERAL_NULL_CONVERSION = YES;
				CLANG_WARN_OBJC_IMPLICIT_RETAIN_SELF = YES;
				CLANG_WARN_OBJC_LITERAL_CONVERSION = YES;
				CLANG_WARN_OBJC_ROOT_CLASS = YES_ERROR;
				CLANG_WARN_RANGE_LOOP_ANALYSIS = YES;
				CLANG_WARN_STRICT_PROTOTYPES = YES;
				CLANG_WARN_SUSPICIOUS_MOVE = YES;
				CLANG_WARN_UNGUARDED_AVAILABILITY = YES_AGGRESSIVE;
				CLANG_WARN_UNREACHABLE_CODE = YES;
				CLANG_WARN__DUPLICATE_METHOD_MATCH = YES;
				CODE_SIGN_IDENTITY = "iPhone Developer";
				COPY_PHASE_STRIP = NO;
				DEBUG_INFORMATION_FORMAT = dwarf;
				ENABLE_STRICT_OBJC_MSGSEND = YES;
				ENABLE_TESTABILITY = YES;
				GCC_C_LANGUAGE_STANDARD = gnu11;
				GCC_DYNAMIC_NO_PIC = NO;
				GCC_NO_COMMON_BLOCKS = YES;
				GCC_OPTIMIZATION_LEVEL = 0;
				GCC_PREPROCESSOR_DEFINITIONS = (
					"DEBUG=1",
					"$(inherited)",
				);
				GCC_WARN_64_TO_32_BIT_CONVERSION = YES;
				GCC_WARN_ABOUT_RETURN_TYPE = YES_ERROR;
				GCC_WARN_UNDECLARED_SELECTOR = YES;
				GCC_WARN_UNINITIALIZED_AUTOS = YES_AGGRESSIVE;
				GCC_WARN_UNUSED_FUNCTION = YES;
				GCC_WARN_UNUSED_VARIABLE = YES;
				IPHONEOS_DEPLOYMENT_TARGET = 11.4;
				MTL_ENABLE_DEBUG_INFO = YES;
				ONLY_ACTIVE_ARCH = YES;
				SDKROOT = iphoneos;
				SWIFT_ACTIVE_COMPILATION_CONDITIONS = DEBUG;
				SWIFT_OPTIMIZATION_LEVEL = "-Onone";
			};
			name = Debug;
		};
		7B247993214061D1006B334E /* Release */ = {
			isa = XCBuildConfiguration;
			buildSettings = {
				ALWAYS_SEARCH_USER_PATHS = NO;
				CLANG_ANALYZER_NONNULL = YES;
				CLANG_ANALYZER_NUMBER_OBJECT_CONVERSION = YES_AGGRESSIVE;
				CLANG_CXX_LANGUAGE_STANDARD = "gnu++14";
				CLANG_CXX_LIBRARY = "libc++";
				CLANG_ENABLE_MODULES = YES;
				CLANG_ENABLE_OBJC_ARC = YES;
				CLANG_ENABLE_OBJC_WEAK = YES;
				CLANG_WARN_BLOCK_CAPTURE_AUTORELEASING = YES;
				CLANG_WARN_BOOL_CONVERSION = YES;
				CLANG_WARN_COMMA = YES;
				CLANG_WARN_CONSTANT_CONVERSION = YES;
				CLANG_WARN_DEPRECATED_OBJC_IMPLEMENTATIONS = YES;
				CLANG_WARN_DIRECT_OBJC_ISA_USAGE = YES_ERROR;
				CLANG_WARN_DOCUMENTATION_COMMENTS = YES;
				CLANG_WARN_EMPTY_BODY = YES;
				CLANG_WARN_ENUM_CONVERSION = YES;
				CLANG_WARN_INFINITE_RECURSION = YES;
				CLANG_WARN_INT_CONVERSION = YES;
				CLANG_WARN_NON_LITERAL_NULL_CONVERSION = YES;
				CLANG_WARN_OBJC_IMPLICIT_RETAIN_SELF = YES;
				CLANG_WARN_OBJC_LITERAL_CONVERSION = YES;
				CLANG_WARN_OBJC_ROOT_CLASS = YES_ERROR;
				CLANG_WARN_RANGE_LOOP_ANALYSIS = YES;
				CLANG_WARN_STRICT_PROTOTYPES = YES;
				CLANG_WARN_SUSPICIOUS_MOVE = YES;
				CLANG_WARN_UNGUARDED_AVAILABILITY = YES_AGGRESSIVE;
				CLANG_WARN_UNREACHABLE_CODE = YES;
				CLANG_WARN__DUPLICATE_METHOD_MATCH = YES;
				CODE_SIGN_IDENTITY = "iPhone Developer";
				COPY_PHASE_STRIP = NO;
				DEBUG_INFORMATION_FORMAT = "dwarf-with-dsym";
				ENABLE_NS_ASSERTIONS = NO;
				ENABLE_STRICT_OBJC_MSGSEND = YES;
				GCC_C_LANGUAGE_STANDARD = gnu11;
				GCC_NO_COMMON_BLOCKS = YES;
				GCC_WARN_64_TO_32_BIT_CONVERSION = YES;
				GCC_WARN_ABOUT_RETURN_TYPE = YES_ERROR;
				GCC_WARN_UNDECLARED_SELECTOR = YES;
				GCC_WARN_UNINITIALIZED_AUTOS = YES_AGGRESSIVE;
				GCC_WARN_UNUSED_FUNCTION = YES;
				GCC_WARN_UNUSED_VARIABLE = YES;
				IPHONEOS_DEPLOYMENT_TARGET = 11.4;
				MTL_ENABLE_DEBUG_INFO = NO;
				SDKROOT = iphoneos;
				SWIFT_COMPILATION_MODE = wholemodule;
				SWIFT_OPTIMIZATION_LEVEL = "-O";
				VALIDATE_PRODUCT = YES;
			};
			name = Release;
		};
		7B247995214061D1006B334E /* Debug */ = {
			isa = XCBuildConfiguration;
			buildSettings = {
				ASSETCATALOG_COMPILER_APPICON_NAME = AppIcon;
				CODE_SIGN_STYLE = Automatic;
				INFOPLIST_FILE = Memories/Info.plist;
				LD_RUNPATH_SEARCH_PATHS = (
					"$(inherited)",
					"@executable_path/Frameworks",
				);
				PRODUCT_BUNDLE_IDENTIFIER = com.Daniela.Memories;
				PRODUCT_NAME = "$(TARGET_NAME)";
				SWIFT_VERSION = 4.0;
				TARGETED_DEVICE_FAMILY = "1,2";
			};
			name = Debug;
		};
		7B247996214061D1006B334E /* Release */ = {
			isa = XCBuildConfiguration;
			buildSettings = {
				ASSETCATALOG_COMPILER_APPICON_NAME = AppIcon;
				CODE_SIGN_STYLE = Automatic;
				INFOPLIST_FILE = Memories/Info.plist;
				LD_RUNPATH_SEARCH_PATHS = (
					"$(inherited)",
					"@executable_path/Frameworks",
				);
				PRODUCT_BUNDLE_IDENTIFIER = com.Daniela.Memories;
				PRODUCT_NAME = "$(TARGET_NAME)";
				SWIFT_VERSION = 4.0;
				TARGETED_DEVICE_FAMILY = "1,2";
			};
			name = Release;
		};
		7B247998214061D1006B334E /* Debug */ = {
			isa = XCBuildConfiguration;
			buildSettings = {
				ALWAYS_EMBED_SWIFT_STANDARD_LIBRARIES = YES;
				BUNDLE_LOADER = "$(TEST_HOST)";
				CODE_SIGN_STYLE = Automatic;
				INFOPLIST_FILE = MemoriesTests/Info.plist;
				LD_RUNPATH_SEARCH_PATHS = (
					"$(inherited)",
					"@executable_path/Frameworks",
					"@loader_path/Frameworks",
				);
				PRODUCT_BUNDLE_IDENTIFIER = com.Daniela.MemoriesTests;
				PRODUCT_NAME = "$(TARGET_NAME)";
				SWIFT_VERSION = 4.0;
				TARGETED_DEVICE_FAMILY = "1,2";
				TEST_HOST = "$(BUILT_PRODUCTS_DIR)/Memories.app/Memories";
			};
			name = Debug;
		};
		7B247999214061D1006B334E /* Release */ = {
			isa = XCBuildConfiguration;
			buildSettings = {
				ALWAYS_EMBED_SWIFT_STANDARD_LIBRARIES = YES;
				BUNDLE_LOADER = "$(TEST_HOST)";
				CODE_SIGN_STYLE = Automatic;
				INFOPLIST_FILE = MemoriesTests/Info.plist;
				LD_RUNPATH_SEARCH_PATHS = (
					"$(inherited)",
					"@executable_path/Frameworks",
					"@loader_path/Frameworks",
				);
				PRODUCT_BUNDLE_IDENTIFIER = com.Daniela.MemoriesTests;
				PRODUCT_NAME = "$(TARGET_NAME)";
				SWIFT_VERSION = 4.0;
				TARGETED_DEVICE_FAMILY = "1,2";
				TEST_HOST = "$(BUILT_PRODUCTS_DIR)/Memories.app/Memories";
			};
			name = Release;
		};
		7B24799B214061D1006B334E /* Debug */ = {
			isa = XCBuildConfiguration;
			buildSettings = {
				ALWAYS_EMBED_SWIFT_STANDARD_LIBRARIES = YES;
				CODE_SIGN_STYLE = Automatic;
				INFOPLIST_FILE = MemoriesUITests/Info.plist;
				LD_RUNPATH_SEARCH_PATHS = (
					"$(inherited)",
					"@executable_path/Frameworks",
					"@loader_path/Frameworks",
				);
				PRODUCT_BUNDLE_IDENTIFIER = com.Daniela.MemoriesUITests;
				PRODUCT_NAME = "$(TARGET_NAME)";
				SWIFT_VERSION = 4.0;
				TARGETED_DEVICE_FAMILY = "1,2";
				TEST_TARGET_NAME = Memories;
			};
			name = Debug;
		};
		7B24799C214061D1006B334E /* Release */ = {
			isa = XCBuildConfiguration;
			buildSettings = {
				ALWAYS_EMBED_SWIFT_STANDARD_LIBRARIES = YES;
				CODE_SIGN_STYLE = Automatic;
				INFOPLIST_FILE = MemoriesUITests/Info.plist;
				LD_RUNPATH_SEARCH_PATHS = (
					"$(inherited)",
					"@executable_path/Frameworks",
					"@loader_path/Frameworks",
				);
				PRODUCT_BUNDLE_IDENTIFIER = com.Daniela.MemoriesUITests;
				PRODUCT_NAME = "$(TARGET_NAME)";
				SWIFT_VERSION = 4.0;
				TARGETED_DEVICE_FAMILY = "1,2";
				TEST_TARGET_NAME = Memories;
			};
			name = Release;
		};
/* End XCBuildConfiguration section */

/* Begin XCConfigurationList section */
		7B247967214061CA006B334E /* Build configuration list for PBXProject "Memories" */ = {
			isa = XCConfigurationList;
			buildConfigurations = (
				7B247992214061D1006B334E /* Debug */,
				7B247993214061D1006B334E /* Release */,
			);
			defaultConfigurationIsVisible = 0;
			defaultConfigurationName = Release;
		};
		7B247994214061D1006B334E /* Build configuration list for PBXNativeTarget "Memories" */ = {
			isa = XCConfigurationList;
			buildConfigurations = (
				7B247995214061D1006B334E /* Debug */,
				7B247996214061D1006B334E /* Release */,
			);
			defaultConfigurationIsVisible = 0;
			defaultConfigurationName = Release;
		};
		7B247997214061D1006B334E /* Build configuration list for PBXNativeTarget "MemoriesTests" */ = {
			isa = XCConfigurationList;
			buildConfigurations = (
				7B247998214061D1006B334E /* Debug */,
				7B247999214061D1006B334E /* Release */,
			);
			defaultConfigurationIsVisible = 0;
			defaultConfigurationName = Release;
		};
		7B24799A214061D1006B334E /* Build configuration list for PBXNativeTarget "MemoriesUITests" */ = {
			isa = XCConfigurationList;
			buildConfigurations = (
				7B24799B214061D1006B334E /* Debug */,
				7B24799C214061D1006B334E /* Release */,
			);
			defaultConfigurationIsVisible = 0;
			defaultConfigurationName = Release;
		};
/* End XCConfigurationList section */
	};
	rootObject = 7B247964214061CA006B334E /* Project object */;
}
