// !$*UTF8*$!
{
	archiveVersion = 1;
	classes = {
	};
	objectVersion = 50;
	objects = {

/* Begin PBXBuildFile section */
		8202DBEB2149B1BE0055F1E7 /* AppDelegate.swift in Sources */ = {isa = PBXBuildFile; fileRef = 8202DBEA2149B1BE0055F1E7 /* AppDelegate.swift */; };
		8202DBF02149B1BE0055F1E7 /* Main.storyboard in Resources */ = {isa = PBXBuildFile; fileRef = 8202DBEE2149B1BE0055F1E7 /* Main.storyboard */; };
		8202DBF22149B1BF0055F1E7 /* Assets.xcassets in Resources */ = {isa = PBXBuildFile; fileRef = 8202DBF12149B1BF0055F1E7 /* Assets.xcassets */; };
		8202DBF52149B1BF0055F1E7 /* LaunchScreen.storyboard in Resources */ = {isa = PBXBuildFile; fileRef = 8202DBF32149B1BF0055F1E7 /* LaunchScreen.storyboard */; };
		8202DBFE2149B2840055F1E7 /* Memory.swift in Sources */ = {isa = PBXBuildFile; fileRef = 8202DBFD2149B2840055F1E7 /* Memory.swift */; };
		8202DC012149B3130055F1E7 /* MemoryController.swift in Sources */ = {isa = PBXBuildFile; fileRef = 8202DC002149B3130055F1E7 /* MemoryController.swift */; };
		8202DC052149BC920055F1E7 /* OnboardingViewController.swift in Sources */ = {isa = PBXBuildFile; fileRef = 8202DC042149BC920055F1E7 /* OnboardingViewController.swift */; };
		8202DC082149BED90055F1E7 /* MemoriesTableViewController.swift in Sources */ = {isa = PBXBuildFile; fileRef = 8202DC072149BED90055F1E7 /* MemoriesTableViewController.swift */; };
		8202DC0A2149C04E0055F1E7 /* MemoryDetailViewController.swift in Sources */ = {isa = PBXBuildFile; fileRef = 8202DC092149C04E0055F1E7 /* MemoryDetailViewController.swift */; };
		8202DC0C2149C8020055F1E7 /* LocalNotificationHelper.swift in Sources */ = {isa = PBXBuildFile; fileRef = 8202DC0B2149C8020055F1E7 /* LocalNotificationHelper.swift */; };
/* End PBXBuildFile section */

/* Begin PBXFileReference section */
		8202DBE72149B1BE0055F1E7 /* Memories-W2D3.app */ = {isa = PBXFileReference; explicitFileType = wrapper.application; includeInIndex = 0; path = "Memories-W2D3.app"; sourceTree = BUILT_PRODUCTS_DIR; };
		8202DBEA2149B1BE0055F1E7 /* AppDelegate.swift */ = {isa = PBXFileReference; lastKnownFileType = sourcecode.swift; path = AppDelegate.swift; sourceTree = "<group>"; };
		8202DBEF2149B1BE0055F1E7 /* Base */ = {isa = PBXFileReference; lastKnownFileType = file.storyboard; name = Base; path = Base.lproj/Main.storyboard; sourceTree = "<group>"; };
		8202DBF12149B1BF0055F1E7 /* Assets.xcassets */ = {isa = PBXFileReference; lastKnownFileType = folder.assetcatalog; path = Assets.xcassets; sourceTree = "<group>"; };
		8202DBF42149B1BF0055F1E7 /* Base */ = {isa = PBXFileReference; lastKnownFileType = file.storyboard; name = Base; path = Base.lproj/LaunchScreen.storyboard; sourceTree = "<group>"; };
		8202DBF62149B1BF0055F1E7 /* Info.plist */ = {isa = PBXFileReference; lastKnownFileType = text.plist.xml; path = Info.plist; sourceTree = "<group>"; };
		8202DBFD2149B2840055F1E7 /* Memory.swift */ = {isa = PBXFileReference; lastKnownFileType = sourcecode.swift; path = Memory.swift; sourceTree = "<group>"; };
		8202DC002149B3130055F1E7 /* MemoryController.swift */ = {isa = PBXFileReference; lastKnownFileType = sourcecode.swift; path = MemoryController.swift; sourceTree = "<group>"; };
		8202DC042149BC920055F1E7 /* OnboardingViewController.swift */ = {isa = PBXFileReference; lastKnownFileType = sourcecode.swift; path = OnboardingViewController.swift; sourceTree = "<group>"; };
		8202DC072149BED90055F1E7 /* MemoriesTableViewController.swift */ = {isa = PBXFileReference; lastKnownFileType = sourcecode.swift; path = MemoriesTableViewController.swift; sourceTree = "<group>"; };
		8202DC092149C04E0055F1E7 /* MemoryDetailViewController.swift */ = {isa = PBXFileReference; lastKnownFileType = sourcecode.swift; path = MemoryDetailViewController.swift; sourceTree = "<group>"; };
		8202DC0B2149C8020055F1E7 /* LocalNotificationHelper.swift */ = {isa = PBXFileReference; lastKnownFileType = sourcecode.swift; path = LocalNotificationHelper.swift; sourceTree = "<group>"; };
/* End PBXFileReference section */

/* Begin PBXFrameworksBuildPhase section */
		8202DBE42149B1BE0055F1E7 /* Frameworks */ = {
			isa = PBXFrameworksBuildPhase;
			buildActionMask = 2147483647;
			files = (
			);
			runOnlyForDeploymentPostprocessing = 0;
		};
/* End PBXFrameworksBuildPhase section */

/* Begin PBXGroup section */
		8202DBDE2149B1BE0055F1E7 = {
			isa = PBXGroup;
			children = (
				8202DBE92149B1BE0055F1E7 /* Memories-W2D3 */,
				8202DBE82149B1BE0055F1E7 /* Products */,
			);
			sourceTree = "<group>";
		};
		8202DBE82149B1BE0055F1E7 /* Products */ = {
			isa = PBXGroup;
			children = (
				8202DBE72149B1BE0055F1E7 /* Memories-W2D3.app */,
			);
			name = Products;
			sourceTree = "<group>";
		};
		8202DBE92149B1BE0055F1E7 /* Memories-W2D3 */ = {
			isa = PBXGroup;
			children = (
				8202DC0D2149DEC00055F1E7 /* Notification */,
				8202DBFF2149B28B0055F1E7 /* Model */,
				8202DC022149B3170055F1E7 /* Model Controller */,
				8202DC032149BA300055F1E7 /* View */,
				8202DC062149BC960055F1E7 /* View Controller */,
				8202DBFC2149B2660055F1E7 /* Supporting files */,
			);
			path = "Memories-W2D3";
			sourceTree = "<group>";
		};
		8202DBFC2149B2660055F1E7 /* Supporting files */ = {
			isa = PBXGroup;
			children = (
				8202DBEA2149B1BE0055F1E7 /* AppDelegate.swift */,
				8202DBF12149B1BF0055F1E7 /* Assets.xcassets */,
				8202DBF32149B1BF0055F1E7 /* LaunchScreen.storyboard */,
				8202DBF62149B1BF0055F1E7 /* Info.plist */,
			);
			path = "Supporting files";
			sourceTree = "<group>";
		};
		8202DBFF2149B28B0055F1E7 /* Model */ = {
			isa = PBXGroup;
			children = (
				8202DBFD2149B2840055F1E7 /* Memory.swift */,
			);
			path = Model;
			sourceTree = "<group>";
		};
		8202DC022149B3170055F1E7 /* Model Controller */ = {
			isa = PBXGroup;
			children = (
				8202DC002149B3130055F1E7 /* MemoryController.swift */,
			);
			path = "Model Controller";
			sourceTree = "<group>";
		};
		8202DC032149BA300055F1E7 /* View */ = {
			isa = PBXGroup;
			children = (
				8202DBEE2149B1BE0055F1E7 /* Main.storyboard */,
			);
			path = View;
			sourceTree = "<group>";
		};
		8202DC062149BC960055F1E7 /* View Controller */ = {
			isa = PBXGroup;
			children = (
				8202DC042149BC920055F1E7 /* OnboardingViewController.swift */,
				8202DC072149BED90055F1E7 /* MemoriesTableViewController.swift */,
				8202DC092149C04E0055F1E7 /* MemoryDetailViewController.swift */,
			);
			path = "View Controller";
			sourceTree = "<group>";
		};
		8202DC0D2149DEC00055F1E7 /* Notification */ = {
			isa = PBXGroup;
			children = (
				8202DC0B2149C8020055F1E7 /* LocalNotificationHelper.swift */,
			);
			path = Notification;
			sourceTree = "<group>";
		};
/* End PBXGroup section */

/* Begin PBXNativeTarget section */
		8202DBE62149B1BE0055F1E7 /* Memories-W2D3 */ = {
			isa = PBXNativeTarget;
			buildConfigurationList = 8202DBF92149B1BF0055F1E7 /* Build configuration list for PBXNativeTarget "Memories-W2D3" */;
			buildPhases = (
				8202DBE32149B1BE0055F1E7 /* Sources */,
				8202DBE42149B1BE0055F1E7 /* Frameworks */,
				8202DBE52149B1BE0055F1E7 /* Resources */,
			);
			buildRules = (
			);
			dependencies = (
			);
			name = "Memories-W2D3";
			productName = "Memories-W2D3";
			productReference = 8202DBE72149B1BE0055F1E7 /* Memories-W2D3.app */;
			productType = "com.apple.product-type.application";
		};
/* End PBXNativeTarget section */

/* Begin PBXProject section */
		8202DBDF2149B1BE0055F1E7 /* Project object */ = {
			isa = PBXProject;
			attributes = {
				LastSwiftUpdateCheck = 0940;
				LastUpgradeCheck = 0940;
				ORGANIZATIONNAME = "Lambda School";
				TargetAttributes = {
					8202DBE62149B1BE0055F1E7 = {
						CreatedOnToolsVersion = 9.4.1;
						LastSwiftMigration = 1000;
					};
				};
			};
			buildConfigurationList = 8202DBE22149B1BE0055F1E7 /* Build configuration list for PBXProject "Memories-W2D3" */;
			compatibilityVersion = "Xcode 9.3";
			developmentRegion = en;
			hasScannedForEncodings = 0;
			knownRegions = (
				en,
				Base,
			);
			mainGroup = 8202DBDE2149B1BE0055F1E7;
			productRefGroup = 8202DBE82149B1BE0055F1E7 /* Products */;
			projectDirPath = "";
			projectRoot = "";
			targets = (
				8202DBE62149B1BE0055F1E7 /* Memories-W2D3 */,
			);
		};
/* End PBXProject section */

/* Begin PBXResourcesBuildPhase section */
		8202DBE52149B1BE0055F1E7 /* Resources */ = {
			isa = PBXResourcesBuildPhase;
			buildActionMask = 2147483647;
			files = (
				8202DBF52149B1BF0055F1E7 /* LaunchScreen.storyboard in Resources */,
				8202DBF22149B1BF0055F1E7 /* Assets.xcassets in Resources */,
				8202DBF02149B1BE0055F1E7 /* Main.storyboard in Resources */,
			);
			runOnlyForDeploymentPostprocessing = 0;
		};
/* End PBXResourcesBuildPhase section */

/* Begin PBXSourcesBuildPhase section */
		8202DBE32149B1BE0055F1E7 /* Sources */ = {
			isa = PBXSourcesBuildPhase;
			buildActionMask = 2147483647;
			files = (
				8202DC0A2149C04E0055F1E7 /* MemoryDetailViewController.swift in Sources */,
				8202DBFE2149B2840055F1E7 /* Memory.swift in Sources */,
				8202DC012149B3130055F1E7 /* MemoryController.swift in Sources */,
				8202DC0C2149C8020055F1E7 /* LocalNotificationHelper.swift in Sources */,
				8202DC082149BED90055F1E7 /* MemoriesTableViewController.swift in Sources */,
				8202DBEB2149B1BE0055F1E7 /* AppDelegate.swift in Sources */,
				8202DC052149BC920055F1E7 /* OnboardingViewController.swift in Sources */,
			);
			runOnlyForDeploymentPostprocessing = 0;
		};
/* End PBXSourcesBuildPhase section */

/* Begin PBXVariantGroup section */
		8202DBEE2149B1BE0055F1E7 /* Main.storyboard */ = {
			isa = PBXVariantGroup;
			children = (
				8202DBEF2149B1BE0055F1E7 /* Base */,
			);
			name = Main.storyboard;
			sourceTree = "<group>";
		};
		8202DBF32149B1BF0055F1E7 /* LaunchScreen.storyboard */ = {
			isa = PBXVariantGroup;
			children = (
				8202DBF42149B1BF0055F1E7 /* Base */,
			);
			name = LaunchScreen.storyboard;
			sourceTree = "<group>";
		};
/* End PBXVariantGroup section */

/* Begin XCBuildConfiguration section */
		8202DBF72149B1BF0055F1E7 /* Debug */ = {
			isa = XCBuildConfiguration;
			buildSettings = {
				ALWAYS_SEARCH_USER_PATHS = NO;
				CLANG_ANALYZER_NONNULL = YES;
				CLANG_ANALYZER_NUMBER_OBJECT_CONVERSION = YES_AGGRESSIVE;
				CLANG_CXX_LANGUAGE_STANDARD = "gnu++14";
				CLANG_CXX_LIBRARY = "libc++";
				CLANG_ENABLE_MODULES = YES;
				CLANG_ENABLE_OBJC_ARC = YES;
				CLANG_ENABLE_OBJC_WEAK = YES;
				CLANG_WARN_BLOCK_CAPTURE_AUTORELEASING = YES;
				CLANG_WARN_BOOL_CONVERSION = YES;
				CLANG_WARN_COMMA = YES;
				CLANG_WARN_CONSTANT_CONVERSION = YES;
				CLANG_WARN_DEPRECATED_OBJC_IMPLEMENTATIONS = YES;
				CLANG_WARN_DIRECT_OBJC_ISA_USAGE = YES_ERROR;
				CLANG_WARN_DOCUMENTATION_COMMENTS = YES;
				CLANG_WARN_EMPTY_BODY = YES;
				CLANG_WARN_ENUM_CONVERSION = YES;
				CLANG_WARN_INFINITE_RECURSION = YES;
				CLANG_WARN_INT_CONVERSION = YES;
				CLANG_WARN_NON_LITERAL_NULL_CONVERSION = YES;
				CLANG_WARN_OBJC_IMPLICIT_RETAIN_SELF = YES;
				CLANG_WARN_OBJC_LITERAL_CONVERSION = YES;
				CLANG_WARN_OBJC_ROOT_CLASS = YES_ERROR;
				CLANG_WARN_RANGE_LOOP_ANALYSIS = YES;
				CLANG_WARN_STRICT_PROTOTYPES = YES;
				CLANG_WARN_SUSPICIOUS_MOVE = YES;
				CLANG_WARN_UNGUARDED_AVAILABILITY = YES_AGGRESSIVE;
				CLANG_WARN_UNREACHABLE_CODE = YES;
				CLANG_WARN__DUPLICATE_METHOD_MATCH = YES;
				CODE_SIGN_IDENTITY = "iPhone Developer";
				COPY_PHASE_STRIP = NO;
				DEBUG_INFORMATION_FORMAT = dwarf;
				ENABLE_STRICT_OBJC_MSGSEND = YES;
				ENABLE_TESTABILITY = YES;
				GCC_C_LANGUAGE_STANDARD = gnu11;
				GCC_DYNAMIC_NO_PIC = NO;
				GCC_NO_COMMON_BLOCKS = YES;
				GCC_OPTIMIZATION_LEVEL = 0;
				GCC_PREPROCESSOR_DEFINITIONS = (
					"DEBUG=1",
					"$(inherited)",
				);
				GCC_WARN_64_TO_32_BIT_CONVERSION = YES;
				GCC_WARN_ABOUT_RETURN_TYPE = YES_ERROR;
				GCC_WARN_UNDECLARED_SELECTOR = YES;
				GCC_WARN_UNINITIALIZED_AUTOS = YES_AGGRESSIVE;
				GCC_WARN_UNUSED_FUNCTION = YES;
				GCC_WARN_UNUSED_VARIABLE = YES;
				IPHONEOS_DEPLOYMENT_TARGET = 11.4;
				MTL_ENABLE_DEBUG_INFO = YES;
				ONLY_ACTIVE_ARCH = YES;
				SDKROOT = iphoneos;
				SWIFT_ACTIVE_COMPILATION_CONDITIONS = DEBUG;
				SWIFT_OPTIMIZATION_LEVEL = "-Onone";
			};
			name = Debug;
		};
		8202DBF82149B1BF0055F1E7 /* Release */ = {
			isa = XCBuildConfiguration;
			buildSettings = {
				ALWAYS_SEARCH_USER_PATHS = NO;
				CLANG_ANALYZER_NONNULL = YES;
				CLANG_ANALYZER_NUMBER_OBJECT_CONVERSION = YES_AGGRESSIVE;
				CLANG_CXX_LANGUAGE_STANDARD = "gnu++14";
				CLANG_CXX_LIBRARY = "libc++";
				CLANG_ENABLE_MODULES = YES;
				CLANG_ENABLE_OBJC_ARC = YES;
				CLANG_ENABLE_OBJC_WEAK = YES;
				CLANG_WARN_BLOCK_CAPTURE_AUTORELEASING = YES;
				CLANG_WARN_BOOL_CONVERSION = YES;
				CLANG_WARN_COMMA = YES;
				CLANG_WARN_CONSTANT_CONVERSION = YES;
				CLANG_WARN_DEPRECATED_OBJC_IMPLEMENTATIONS = YES;
				CLANG_WARN_DIRECT_OBJC_ISA_USAGE = YES_ERROR;
				CLANG_WARN_DOCUMENTATION_COMMENTS = YES;
				CLANG_WARN_EMPTY_BODY = YES;
				CLANG_WARN_ENUM_CONVERSION = YES;
				CLANG_WARN_INFINITE_RECURSION = YES;
				CLANG_WARN_INT_CONVERSION = YES;
				CLANG_WARN_NON_LITERAL_NULL_CONVERSION = YES;
				CLANG_WARN_OBJC_IMPLICIT_RETAIN_SELF = YES;
				CLANG_WARN_OBJC_LITERAL_CONVERSION = YES;
				CLANG_WARN_OBJC_ROOT_CLASS = YES_ERROR;
				CLANG_WARN_RANGE_LOOP_ANALYSIS = YES;
				CLANG_WARN_STRICT_PROTOTYPES = YES;
				CLANG_WARN_SUSPICIOUS_MOVE = YES;
				CLANG_WARN_UNGUARDED_AVAILABILITY = YES_AGGRESSIVE;
				CLANG_WARN_UNREACHABLE_CODE = YES;
				CLANG_WARN__DUPLICATE_METHOD_MATCH = YES;
				CODE_SIGN_IDENTITY = "iPhone Developer";
				COPY_PHASE_STRIP = NO;
				DEBUG_INFORMATION_FORMAT = "dwarf-with-dsym";
				ENABLE_NS_ASSERTIONS = NO;
				ENABLE_STRICT_OBJC_MSGSEND = YES;
				GCC_C_LANGUAGE_STANDARD = gnu11;
				GCC_NO_COMMON_BLOCKS = YES;
				GCC_WARN_64_TO_32_BIT_CONVERSION = YES;
				GCC_WARN_ABOUT_RETURN_TYPE = YES_ERROR;
				GCC_WARN_UNDECLARED_SELECTOR = YES;
				GCC_WARN_UNINITIALIZED_AUTOS = YES_AGGRESSIVE;
				GCC_WARN_UNUSED_FUNCTION = YES;
				GCC_WARN_UNUSED_VARIABLE = YES;
				IPHONEOS_DEPLOYMENT_TARGET = 11.4;
				MTL_ENABLE_DEBUG_INFO = NO;
				SDKROOT = iphoneos;
				SWIFT_COMPILATION_MODE = wholemodule;
				SWIFT_OPTIMIZATION_LEVEL = "-O";
				VALIDATE_PRODUCT = YES;
			};
			name = Release;
		};
		8202DBFA2149B1BF0055F1E7 /* Debug */ = {
			isa = XCBuildConfiguration;
			buildSettings = {
				ASSETCATALOG_COMPILER_APPICON_NAME = AppIcon;
				CODE_SIGN_STYLE = Automatic;
				INFOPLIST_FILE = "$(SRCROOT)/Memories-W2D3/Supporting files/Info.plist";
				LD_RUNPATH_SEARCH_PATHS = (
					"$(inherited)",
					"@executable_path/Frameworks",
				);
				PRODUCT_BUNDLE_IDENTIFIER = "com.LambdaSchool.Memories-W2D3";
				PRODUCT_NAME = "$(TARGET_NAME)";
				SWIFT_VERSION = 4.2;
				TARGETED_DEVICE_FAMILY = "1,2";
			};
			name = Debug;
		};
		8202DBFB2149B1BF0055F1E7 /* Release */ = {
			isa = XCBuildConfiguration;
			buildSettings = {
				ASSETCATALOG_COMPILER_APPICON_NAME = AppIcon;
				CODE_SIGN_STYLE = Automatic;
				INFOPLIST_FILE = "$(SRCROOT)/Memories-W2D3/Supporting files/Info.plist";
				LD_RUNPATH_SEARCH_PATHS = (
					"$(inherited)",
					"@executable_path/Frameworks",
				);
				PRODUCT_BUNDLE_IDENTIFIER = "com.LambdaSchool.Memories-W2D3";
				PRODUCT_NAME = "$(TARGET_NAME)";
				SWIFT_VERSION = 4.2;
				TARGETED_DEVICE_FAMILY = "1,2";
			};
			name = Release;
		};
/* End XCBuildConfiguration section */

/* Begin XCConfigurationList section */
		8202DBE22149B1BE0055F1E7 /* Build configuration list for PBXProject "Memories-W2D3" */ = {
			isa = XCConfigurationList;
			buildConfigurations = (
				8202DBF72149B1BF0055F1E7 /* Debug */,
				8202DBF82149B1BF0055F1E7 /* Release */,
			);
			defaultConfigurationIsVisible = 0;
			defaultConfigurationName = Release;
		};
		8202DBF92149B1BF0055F1E7 /* Build configuration list for PBXNativeTarget "Memories-W2D3" */ = {
			isa = XCConfigurationList;
			buildConfigurations = (
				8202DBFA2149B1BF0055F1E7 /* Debug */,
				8202DBFB2149B1BF0055F1E7 /* Release */,
			);
			defaultConfigurationIsVisible = 0;
			defaultConfigurationName = Release;
		};
/* End XCConfigurationList section */
	};
	rootObject = 8202DBDF2149B1BE0055F1E7 /* Project object */;
}
