// !$*UTF8*$!
{
	archiveVersion = 1;
	classes = {
	};
	objectVersion = 50;
	objects = {

/* Begin PBXBuildFile section */
		1CFFA30421768B3500AFA888 /* AppDelegate.swift in Sources */ = {isa = PBXBuildFile; fileRef = 1CFFA30321768B3500AFA888 /* AppDelegate.swift */; };
		1CFFA30621768B3500AFA888 /* ViewController.swift in Sources */ = {isa = PBXBuildFile; fileRef = 1CFFA30521768B3500AFA888 /* ViewController.swift */; };
		1CFFA30921768B3500AFA888 /* Main.storyboard in Resources */ = {isa = PBXBuildFile; fileRef = 1CFFA30721768B3500AFA888 /* Main.storyboard */; };
		1CFFA30B21768B3600AFA888 /* Assets.xcassets in Resources */ = {isa = PBXBuildFile; fileRef = 1CFFA30A21768B3600AFA888 /* Assets.xcassets */; };
		1CFFA30E21768B3600AFA888 /* LaunchScreen.storyboard in Resources */ = {isa = PBXBuildFile; fileRef = 1CFFA30C21768B3600AFA888 /* LaunchScreen.storyboard */; };
		1CFFA31621768B8000AFA888 /* Memory.swift in Sources */ = {isa = PBXBuildFile; fileRef = 1CFFA31521768B8000AFA888 /* Memory.swift */; };
		1CFFA31821768C2B00AFA888 /* MemoryController.swift in Sources */ = {isa = PBXBuildFile; fileRef = 1CFFA31721768C2B00AFA888 /* MemoryController.swift */; };
/* End PBXBuildFile section */

/* Begin PBXFileReference section */
		1CFFA30021768B3500AFA888 /* Memories_userPermission_notifications.app */ = {isa = PBXFileReference; explicitFileType = wrapper.application; includeInIndex = 0; path = Memories_userPermission_notifications.app; sourceTree = BUILT_PRODUCTS_DIR; };
		1CFFA30321768B3500AFA888 /* AppDelegate.swift */ = {isa = PBXFileReference; lastKnownFileType = sourcecode.swift; path = AppDelegate.swift; sourceTree = "<group>"; };
		1CFFA30521768B3500AFA888 /* ViewController.swift */ = {isa = PBXFileReference; lastKnownFileType = sourcecode.swift; path = ViewController.swift; sourceTree = "<group>"; };
		1CFFA30821768B3500AFA888 /* Base */ = {isa = PBXFileReference; lastKnownFileType = file.storyboard; name = Base; path = Base.lproj/Main.storyboard; sourceTree = "<group>"; };
		1CFFA30A21768B3600AFA888 /* Assets.xcassets */ = {isa = PBXFileReference; lastKnownFileType = folder.assetcatalog; path = Assets.xcassets; sourceTree = "<group>"; };
		1CFFA30D21768B3600AFA888 /* Base */ = {isa = PBXFileReference; lastKnownFileType = file.storyboard; name = Base; path = Base.lproj/LaunchScreen.storyboard; sourceTree = "<group>"; };
		1CFFA30F21768B3600AFA888 /* Info.plist */ = {isa = PBXFileReference; lastKnownFileType = text.plist.xml; path = Info.plist; sourceTree = "<group>"; };
		1CFFA31521768B8000AFA888 /* Memory.swift */ = {isa = PBXFileReference; lastKnownFileType = sourcecode.swift; path = Memory.swift; sourceTree = "<group>"; };
		1CFFA31721768C2B00AFA888 /* MemoryController.swift */ = {isa = PBXFileReference; lastKnownFileType = sourcecode.swift; path = MemoryController.swift; sourceTree = "<group>"; };
/* End PBXFileReference section */

/* Begin PBXFrameworksBuildPhase section */
		1CFFA2FD21768B3500AFA888 /* Frameworks */ = {
			isa = PBXFrameworksBuildPhase;
			buildActionMask = 2147483647;
			files = (
			);
			runOnlyForDeploymentPostprocessing = 0;
		};
/* End PBXFrameworksBuildPhase section */

/* Begin PBXGroup section */
		1CFFA2F721768B3400AFA888 = {
			isa = PBXGroup;
			children = (
				1CFFA30221768B3500AFA888 /* Memories_userPermission_notifications */,
				1CFFA30121768B3500AFA888 /* Products */,
			);
			sourceTree = "<group>";
		};
		1CFFA30121768B3500AFA888 /* Products */ = {
			isa = PBXGroup;
			children = (
				1CFFA30021768B3500AFA888 /* Memories_userPermission_notifications.app */,
			);
			name = Products;
			sourceTree = "<group>";
		};
		1CFFA30221768B3500AFA888 /* Memories_userPermission_notifications */ = {
			isa = PBXGroup;
			children = (
				1CFFA30321768B3500AFA888 /* AppDelegate.swift */,
				1CFFA30521768B3500AFA888 /* ViewController.swift */,
				1CFFA31921768C5300AFA888 /* Model */,
				1CFFA30721768B3500AFA888 /* Main.storyboard */,
				1CFFA30A21768B3600AFA888 /* Assets.xcassets */,
				1CFFA30C21768B3600AFA888 /* LaunchScreen.storyboard */,
				1CFFA30F21768B3600AFA888 /* Info.plist */,
			);
			path = Memories_userPermission_notifications;
			sourceTree = "<group>";
		};
		1CFFA31921768C5300AFA888 /* Model */ = {
			isa = PBXGroup;
			children = (
				1CFFA31521768B8000AFA888 /* Memory.swift */,
				1CFFA31721768C2B00AFA888 /* MemoryController.swift */,
			);
			path = Model;
			sourceTree = "<group>";
		};
/* End PBXGroup section */

/* Begin PBXNativeTarget section */
		1CFFA2FF21768B3500AFA888 /* Memories_userPermission_notifications */ = {
			isa = PBXNativeTarget;
			buildConfigurationList = 1CFFA31221768B3600AFA888 /* Build configuration list for PBXNativeTarget "Memories_userPermission_notifications" */;
			buildPhases = (
				1CFFA2FC21768B3500AFA888 /* Sources */,
				1CFFA2FD21768B3500AFA888 /* Frameworks */,
				1CFFA2FE21768B3500AFA888 /* Resources */,
			);
			buildRules = (
			);
			dependencies = (
			);
			name = Memories_userPermission_notifications;
			productName = Memories_userPermission_notifications;
			productReference = 1CFFA30021768B3500AFA888 /* Memories_userPermission_notifications.app */;
			productType = "com.apple.product-type.application";
		};
/* End PBXNativeTarget section */

/* Begin PBXProject section */
		1CFFA2F821768B3400AFA888 /* Project object */ = {
			isa = PBXProject;
			attributes = {
				LastSwiftUpdateCheck = 1000;
				LastUpgradeCheck = 1000;
				ORGANIZATIONNAME = RNWolter;
				TargetAttributes = {
					1CFFA2FF21768B3500AFA888 = {
						CreatedOnToolsVersion = 10.0;
					};
				};
			};
			buildConfigurationList = 1CFFA2FB21768B3400AFA888 /* Build configuration list for PBXProject "Memories_userPermission_notifications" */;
			compatibilityVersion = "Xcode 9.3";
			developmentRegion = en;
			hasScannedForEncodings = 0;
			knownRegions = (
				en,
				Base,
			);
			mainGroup = 1CFFA2F721768B3400AFA888;
			productRefGroup = 1CFFA30121768B3500AFA888 /* Products */;
			projectDirPath = "";
			projectRoot = "";
			targets = (
				1CFFA2FF21768B3500AFA888 /* Memories_userPermission_notifications */,
			);
		};
/* End PBXProject section */

/* Begin PBXResourcesBuildPhase section */
		1CFFA2FE21768B3500AFA888 /* Resources */ = {
			isa = PBXResourcesBuildPhase;
			buildActionMask = 2147483647;
			files = (
				1CFFA30E21768B3600AFA888 /* LaunchScreen.storyboard in Resources */,
				1CFFA30B21768B3600AFA888 /* Assets.xcassets in Resources */,
				1CFFA30921768B3500AFA888 /* Main.storyboard in Resources */,
			);
			runOnlyForDeploymentPostprocessing = 0;
		};
/* End PBXResourcesBuildPhase section */

/* Begin PBXSourcesBuildPhase section */
		1CFFA2FC21768B3500AFA888 /* Sources */ = {
			isa = PBXSourcesBuildPhase;
			buildActionMask = 2147483647;
			files = (
				1CFFA31621768B8000AFA888 /* Memory.swift in Sources */,
				1CFFA30621768B3500AFA888 /* ViewController.swift in Sources */,
				1CFFA31821768C2B00AFA888 /* MemoryController.swift in Sources */,
				1CFFA30421768B3500AFA888 /* AppDelegate.swift in Sources */,
			);
			runOnlyForDeploymentPostprocessing = 0;
		};
/* End PBXSourcesBuildPhase section */

/* Begin PBXVariantGroup section */
		1CFFA30721768B3500AFA888 /* Main.storyboard */ = {
			isa = PBXVariantGroup;
			children = (
				1CFFA30821768B3500AFA888 /* Base */,
			);
			name = Main.storyboard;
			sourceTree = "<group>";
		};
		1CFFA30C21768B3600AFA888 /* LaunchScreen.storyboard */ = {
			isa = PBXVariantGroup;
			children = (
				1CFFA30D21768B3600AFA888 /* Base */,
			);
			name = LaunchScreen.storyboard;
			sourceTree = "<group>";
		};
/* End PBXVariantGroup section */

/* Begin XCBuildConfiguration section */
		1CFFA31021768B3600AFA888 /* Debug */ = {
			isa = XCBuildConfiguration;
			buildSettings = {
				ALWAYS_SEARCH_USER_PATHS = NO;
				CLANG_ANALYZER_NONNULL = YES;
				CLANG_ANALYZER_NUMBER_OBJECT_CONVERSION = YES_AGGRESSIVE;
				CLANG_CXX_LANGUAGE_STANDARD = "gnu++14";
				CLANG_CXX_LIBRARY = "libc++";
				CLANG_ENABLE_MODULES = YES;
				CLANG_ENABLE_OBJC_ARC = YES;
				CLANG_ENABLE_OBJC_WEAK = YES;
				CLANG_WARN_BLOCK_CAPTURE_AUTORELEASING = YES;
				CLANG_WARN_BOOL_CONVERSION = YES;
				CLANG_WARN_COMMA = YES;
				CLANG_WARN_CONSTANT_CONVERSION = YES;
				CLANG_WARN_DEPRECATED_OBJC_IMPLEMENTATIONS = YES;
				CLANG_WARN_DIRECT_OBJC_ISA_USAGE = YES_ERROR;
				CLANG_WARN_DOCUMENTATION_COMMENTS = YES;
				CLANG_WARN_EMPTY_BODY = YES;
				CLANG_WARN_ENUM_CONVERSION = YES;
				CLANG_WARN_INFINITE_RECURSION = YES;
				CLANG_WARN_INT_CONVERSION = YES;
				CLANG_WARN_NON_LITERAL_NULL_CONVERSION = YES;
				CLANG_WARN_OBJC_IMPLICIT_RETAIN_SELF = YES;
				CLANG_WARN_OBJC_LITERAL_CONVERSION = YES;
				CLANG_WARN_OBJC_ROOT_CLASS = YES_ERROR;
				CLANG_WARN_RANGE_LOOP_ANALYSIS = YES;
				CLANG_WARN_STRICT_PROTOTYPES = YES;
				CLANG_WARN_SUSPICIOUS_MOVE = YES;
				CLANG_WARN_UNGUARDED_AVAILABILITY = YES_AGGRESSIVE;
				CLANG_WARN_UNREACHABLE_CODE = YES;
				CLANG_WARN__DUPLICATE_METHOD_MATCH = YES;
				CODE_SIGN_IDENTITY = "iPhone Developer";
				COPY_PHASE_STRIP = NO;
				DEBUG_INFORMATION_FORMAT = dwarf;
				ENABLE_STRICT_OBJC_MSGSEND = YES;
				ENABLE_TESTABILITY = YES;
				GCC_C_LANGUAGE_STANDARD = gnu11;
				GCC_DYNAMIC_NO_PIC = NO;
				GCC_NO_COMMON_BLOCKS = YES;
				GCC_OPTIMIZATION_LEVEL = 0;
				GCC_PREPROCESSOR_DEFINITIONS = (
					"DEBUG=1",
					"$(inherited)",
				);
				GCC_WARN_64_TO_32_BIT_CONVERSION = YES;
				GCC_WARN_ABOUT_RETURN_TYPE = YES_ERROR;
				GCC_WARN_UNDECLARED_SELECTOR = YES;
				GCC_WARN_UNINITIALIZED_AUTOS = YES_AGGRESSIVE;
				GCC_WARN_UNUSED_FUNCTION = YES;
				GCC_WARN_UNUSED_VARIABLE = YES;
				IPHONEOS_DEPLOYMENT_TARGET = 12.0;
				MTL_ENABLE_DEBUG_INFO = INCLUDE_SOURCE;
				MTL_FAST_MATH = YES;
				ONLY_ACTIVE_ARCH = YES;
				SDKROOT = iphoneos;
				SWIFT_ACTIVE_COMPILATION_CONDITIONS = DEBUG;
				SWIFT_OPTIMIZATION_LEVEL = "-Onone";
			};
			name = Debug;
		};
		1CFFA31121768B3600AFA888 /* Release */ = {
			isa = XCBuildConfiguration;
			buildSettings = {
				ALWAYS_SEARCH_USER_PATHS = NO;
				CLANG_ANALYZER_NONNULL = YES;
				CLANG_ANALYZER_NUMBER_OBJECT_CONVERSION = YES_AGGRESSIVE;
				CLANG_CXX_LANGUAGE_STANDARD = "gnu++14";
				CLANG_CXX_LIBRARY = "libc++";
				CLANG_ENABLE_MODULES = YES;
				CLANG_ENABLE_OBJC_ARC = YES;
				CLANG_ENABLE_OBJC_WEAK = YES;
				CLANG_WARN_BLOCK_CAPTURE_AUTORELEASING = YES;
				CLANG_WARN_BOOL_CONVERSION = YES;
				CLANG_WARN_COMMA = YES;
				CLANG_WARN_CONSTANT_CONVERSION = YES;
				CLANG_WARN_DEPRECATED_OBJC_IMPLEMENTATIONS = YES;
				CLANG_WARN_DIRECT_OBJC_ISA_USAGE = YES_ERROR;
				CLANG_WARN_DOCUMENTATION_COMMENTS = YES;
				CLANG_WARN_EMPTY_BODY = YES;
				CLANG_WARN_ENUM_CONVERSION = YES;
				CLANG_WARN_INFINITE_RECURSION = YES;
				CLANG_WARN_INT_CONVERSION = YES;
				CLANG_WARN_NON_LITERAL_NULL_CONVERSION = YES;
				CLANG_WARN_OBJC_IMPLICIT_RETAIN_SELF = YES;
				CLANG_WARN_OBJC_LITERAL_CONVERSION = YES;
				CLANG_WARN_OBJC_ROOT_CLASS = YES_ERROR;
				CLANG_WARN_RANGE_LOOP_ANALYSIS = YES;
				CLANG_WARN_STRICT_PROTOTYPES = YES;
				CLANG_WARN_SUSPICIOUS_MOVE = YES;
				CLANG_WARN_UNGUARDED_AVAILABILITY = YES_AGGRESSIVE;
				CLANG_WARN_UNREACHABLE_CODE = YES;
				CLANG_WARN__DUPLICATE_METHOD_MATCH = YES;
				CODE_SIGN_IDENTITY = "iPhone Developer";
				COPY_PHASE_STRIP = NO;
				DEBUG_INFORMATION_FORMAT = "dwarf-with-dsym";
				ENABLE_NS_ASSERTIONS = NO;
				ENABLE_STRICT_OBJC_MSGSEND = YES;
				GCC_C_LANGUAGE_STANDARD = gnu11;
				GCC_NO_COMMON_BLOCKS = YES;
				GCC_WARN_64_TO_32_BIT_CONVERSION = YES;
				GCC_WARN_ABOUT_RETURN_TYPE = YES_ERROR;
				GCC_WARN_UNDECLARED_SELECTOR = YES;
				GCC_WARN_UNINITIALIZED_AUTOS = YES_AGGRESSIVE;
				GCC_WARN_UNUSED_FUNCTION = YES;
				GCC_WARN_UNUSED_VARIABLE = YES;
				IPHONEOS_DEPLOYMENT_TARGET = 12.0;
				MTL_ENABLE_DEBUG_INFO = NO;
				MTL_FAST_MATH = YES;
				SDKROOT = iphoneos;
				SWIFT_COMPILATION_MODE = wholemodule;
				SWIFT_OPTIMIZATION_LEVEL = "-O";
				VALIDATE_PRODUCT = YES;
			};
			name = Release;
		};
		1CFFA31321768B3600AFA888 /* Debug */ = {
			isa = XCBuildConfiguration;
			buildSettings = {
				ASSETCATALOG_COMPILER_APPICON_NAME = AppIcon;
				CODE_SIGN_STYLE = Automatic;
				INFOPLIST_FILE = Memories_userPermission_notifications/Info.plist;
				LD_RUNPATH_SEARCH_PATHS = (
					"$(inherited)",
					"@executable_path/Frameworks",
				);
				PRODUCT_BUNDLE_IDENTIFIER = "com.RNWolter.Memories-userPermission-notifications";
				PRODUCT_NAME = "$(TARGET_NAME)";
				SWIFT_VERSION = 4.2;
				TARGETED_DEVICE_FAMILY = "1,2";
			};
			name = Debug;
		};
		1CFFA31421768B3600AFA888 /* Release */ = {
			isa = XCBuildConfiguration;
			buildSettings = {
				ASSETCATALOG_COMPILER_APPICON_NAME = AppIcon;
				CODE_SIGN_STYLE = Automatic;
				INFOPLIST_FILE = Memories_userPermission_notifications/Info.plist;
				LD_RUNPATH_SEARCH_PATHS = (
					"$(inherited)",
					"@executable_path/Frameworks",
				);
				PRODUCT_BUNDLE_IDENTIFIER = "com.RNWolter.Memories-userPermission-notifications";
				PRODUCT_NAME = "$(TARGET_NAME)";
				SWIFT_VERSION = 4.2;
				TARGETED_DEVICE_FAMILY = "1,2";
			};
			name = Release;
		};
/* End XCBuildConfiguration section */

/* Begin XCConfigurationList section */
		1CFFA2FB21768B3400AFA888 /* Build configuration list for PBXProject "Memories_userPermission_notifications" */ = {
			isa = XCConfigurationList;
			buildConfigurations = (
				1CFFA31021768B3600AFA888 /* Debug */,
				1CFFA31121768B3600AFA888 /* Release */,
			);
			defaultConfigurationIsVisible = 0;
			defaultConfigurationName = Release;
		};
		1CFFA31221768B3600AFA888 /* Build configuration list for PBXNativeTarget "Memories_userPermission_notifications" */ = {
			isa = XCConfigurationList;
			buildConfigurations = (
				1CFFA31321768B3600AFA888 /* Debug */,
				1CFFA31421768B3600AFA888 /* Release */,
			);
			defaultConfigurationIsVisible = 0;
			defaultConfigurationName = Release;
		};
/* End XCConfigurationList section */
	};
	rootObject = 1CFFA2F821768B3400AFA888 /* Project object */;
}
